// !$*UTF8*$!
{
	archiveVersion = 1;
	classes = {
	};
	objectVersion = 46;
	objects = {

/* Begin PBXBuildFile section */
		6C5EA57D1DBA09370060CCCF /* KeychainWrapper.m in Sources */ = {isa = PBXBuildFile; fileRef = 6C5EA57C1DBA09370060CCCF /* KeychainWrapper.m */; };
		6C908DD71DA88AE800EB8CF0 /* PasteLabel.m in Sources */ = {isa = PBXBuildFile; fileRef = 6C908DD21DA88AE700EB8CF0 /* PasteLabel.m */; };
		6C908DD91DA88AE800EB8CF0 /* XView.m in Sources */ = {isa = PBXBuildFile; fileRef = 6C908DD61DA88AE700EB8CF0 /* XView.m */; };
		6C908DDC1DA88B0C00EB8CF0 /* XWindow.m in Sources */ = {isa = PBXBuildFile; fileRef = 6C908DDB1DA88B0C00EB8CF0 /* XWindow.m */; };
		6C908DDF1DA88C1600EB8CF0 /* RCDemoViewController.m in Sources */ = {isa = PBXBuildFile; fileRef = 6C908DDE1DA88C1600EB8CF0 /* RCDemoViewController.m */; };
		6C908DEE1DA88D7D00EB8CF0 /* TextViewController.m in Sources */ = {isa = PBXBuildFile; fileRef = 6C908DED1DA88D7D00EB8CF0 /* TextViewController.m */; };
		6C908DF11DA88DA400EB8CF0 /* RunLoopViewController.m in Sources */ = {isa = PBXBuildFile; fileRef = 6C908DF01DA88DA400EB8CF0 /* RunLoopViewController.m */; };
		6C908DF41DA88DC100EB8CF0 /* ThreadViewController.m in Sources */ = {isa = PBXBuildFile; fileRef = 6C908DF31DA88DC100EB8CF0 /* ThreadViewController.m */; };
		6C908DF71DA88DD900EB8CF0 /* AlgorithmViewController.m in Sources */ = {isa = PBXBuildFile; fileRef = 6C908DF61DA88DD900EB8CF0 /* AlgorithmViewController.m */; };
		6C908DFA1DA88DF200EB8CF0 /* ImageTextViewController.m in Sources */ = {isa = PBXBuildFile; fileRef = 6C908DF91DA88DF200EB8CF0 /* ImageTextViewController.m */; };
		6C908DFD1DA8BBBD00EB8CF0 /* BlockViewController.m in Sources */ = {isa = PBXBuildFile; fileRef = 6C908DFC1DA8BBBD00EB8CF0 /* BlockViewController.m */; };
		6C908E001DA8BBD400EB8CF0 /* CycleViewController.m in Sources */ = {isa = PBXBuildFile; fileRef = 6C908DFF1DA8BBD400EB8CF0 /* CycleViewController.m */; };
		6C908E031DA8BBFB00EB8CF0 /* KvokvcViewController.m in Sources */ = {isa = PBXBuildFile; fileRef = 6C908E021DA8BBFB00EB8CF0 /* KvokvcViewController.m */; };
		6C908E081DA8BC1500EB8CF0 /* RunD.m in Sources */ = {isa = PBXBuildFile; fileRef = 6C908E051DA8BC1500EB8CF0 /* RunD.m */; };
		6C908E091DA8BC1500EB8CF0 /* RunTimeViewController.m in Sources */ = {isa = PBXBuildFile; fileRef = 6C908E071DA8BC1500EB8CF0 /* RunTimeViewController.m */; };
		6C908E171DA8BC6600EB8CF0 /* Car.m in Sources */ = {isa = PBXBuildFile; fileRef = 6C908E0C1DA8BC6600EB8CF0 /* Car.m */; };
		6C908E181DA8BC6600EB8CF0 /* Car+CoreDataProperties.m in Sources */ = {isa = PBXBuildFile; fileRef = 6C908E0E1DA8BC6600EB8CF0 /* Car+CoreDataProperties.m */; };
		6C908E191DA8BC6600EB8CF0 /* CoredataViewController.m in Sources */ = {isa = PBXBuildFile; fileRef = 6C908E101DA8BC6600EB8CF0 /* CoredataViewController.m */; };
		6C908E1A1DA8BC6600EB8CF0 /* Person.m in Sources */ = {isa = PBXBuildFile; fileRef = 6C908E121DA8BC6600EB8CF0 /* Person.m */; };
		6C908E1B1DA8BC6600EB8CF0 /* Person+CoreDataProperties.m in Sources */ = {isa = PBXBuildFile; fileRef = 6C908E141DA8BC6600EB8CF0 /* Person+CoreDataProperties.m */; };
		6C908E1C1DA8BC6600EB8CF0 /* XManageCoreData.m in Sources */ = {isa = PBXBuildFile; fileRef = 6C908E161DA8BC6600EB8CF0 /* XManageCoreData.m */; };
		6C9949731D9E5AE1000494C3 /* LastTableViewController.m in Sources */ = {isa = PBXBuildFile; fileRef = 6C9949721D9E5AE1000494C3 /* LastTableViewController.m */; };
		6CA2E0461D9D0F7F009C5BBE /* GIFImageView.m in Sources */ = {isa = PBXBuildFile; fileRef = 6CA2E0451D9D0F7F009C5BBE /* GIFImageView.m */; };
		9A2243D74E8BCDF649C5F454 /* Pods_ObjectCDemo.framework in Frameworks */ = {isa = PBXBuildFile; fileRef = 93E3E053ACC7BC101A8C1D8D /* Pods_ObjectCDemo.framework */; };
		FE00A8AC1D5422C8008FEB3F /* CoreText.framework in Frameworks */ = {isa = PBXBuildFile; fileRef = FE00A8AB1D5422C8008FEB3F /* CoreText.framework */; };
		FE00A8AF1D544C4B008FEB3F /* XTextAttachment.m in Sources */ = {isa = PBXBuildFile; fileRef = FE00A8AE1D544C4B008FEB3F /* XTextAttachment.m */; };
		FE1185311CA37D680017CFEA /* main.m in Sources */ = {isa = PBXBuildFile; fileRef = FE1185301CA37D680017CFEA /* main.m */; };
		FE1185341CA37D680017CFEA /* AppDelegate.m in Sources */ = {isa = PBXBuildFile; fileRef = FE1185331CA37D680017CFEA /* AppDelegate.m */; };
		FE1185371CA37D680017CFEA /* FirstViewController.m in Sources */ = {isa = PBXBuildFile; fileRef = FE1185361CA37D680017CFEA /* FirstViewController.m */; };
		FE11853A1CA37D680017CFEA /* SecondViewController.m in Sources */ = {isa = PBXBuildFile; fileRef = FE1185391CA37D680017CFEA /* SecondViewController.m */; };
		FE11853D1CA37D680017CFEA /* Main.storyboard in Resources */ = {isa = PBXBuildFile; fileRef = FE11853B1CA37D680017CFEA /* Main.storyboard */; };
		FE11853F1CA37D680017CFEA /* Assets.xcassets in Resources */ = {isa = PBXBuildFile; fileRef = FE11853E1CA37D680017CFEA /* Assets.xcassets */; };
		FE1185421CA37D680017CFEA /* LaunchScreen.storyboard in Resources */ = {isa = PBXBuildFile; fileRef = FE1185401CA37D680017CFEA /* LaunchScreen.storyboard */; };
		FE11854D1CA37D680017CFEA /* ObjectCDemoTests.m in Sources */ = {isa = PBXBuildFile; fileRef = FE11854C1CA37D680017CFEA /* ObjectCDemoTests.m */; };
		FE1185581CA37D680017CFEA /* ObjectCDemoUITests.m in Sources */ = {isa = PBXBuildFile; fileRef = FE1185571CA37D680017CFEA /* ObjectCDemoUITests.m */; };
		FE11856E1CA37E6F0017CFEA /* MainTableViewController.m in Sources */ = {isa = PBXBuildFile; fileRef = FE11856C1CA37E6F0017CFEA /* MainTableViewController.m */; };
		FE1EB7C71CC384F800D40400 /* Interface.storyboard in Resources */ = {isa = PBXBuildFile; fileRef = FE1EB7C51CC384F800D40400 /* Interface.storyboard */; };
		FE1EB7C91CC384F800D40400 /* Assets.xcassets in Resources */ = {isa = PBXBuildFile; fileRef = FE1EB7C81CC384F800D40400 /* Assets.xcassets */; };
		FE1EB7D01CC384F800D40400 /* ObjectWatch Extension.appex in Embed App Extensions */ = {isa = PBXBuildFile; fileRef = FE1EB7CF1CC384F800D40400 /* ObjectWatch Extension.appex */; settings = {ATTRIBUTES = (RemoveHeadersOnCopy, ); }; };
		FE1EB7D81CC384F800D40400 /* InterfaceController.m in Sources */ = {isa = PBXBuildFile; fileRef = FE1EB7D71CC384F800D40400 /* InterfaceController.m */; };
		FE1EB7DB1CC384F800D40400 /* ExtensionDelegate.m in Sources */ = {isa = PBXBuildFile; fileRef = FE1EB7DA1CC384F800D40400 /* ExtensionDelegate.m */; };
		FE1EB7DE1CC384F800D40400 /* NotificationController.m in Sources */ = {isa = PBXBuildFile; fileRef = FE1EB7DD1CC384F800D40400 /* NotificationController.m */; };
		FE1EB7E01CC384F800D40400 /* Assets.xcassets in Resources */ = {isa = PBXBuildFile; fileRef = FE1EB7DF1CC384F800D40400 /* Assets.xcassets */; };
		FE1EB7E41CC384F800D40400 /* ObjectWatch.app in Embed Watch Content */ = {isa = PBXBuildFile; fileRef = FE1EB7C31CC384F800D40400 /* ObjectWatch.app */; };
		FE1EB7EF1CC497EC00D40400 /* XTabBarViewController.m in Sources */ = {isa = PBXBuildFile; fileRef = FE1EB7EE1CC497EC00D40400 /* XTabBarViewController.m */; };
		FE288EE01CE2E98B008330E3 /* API.thrift in Resources */ = {isa = PBXBuildFile; fileRef = FE288EDE1CE2E98B008330E3 /* API.thrift */; };
		FE288EE31CE2EA07008330E3 /* ThriftManger.m in Sources */ = {isa = PBXBuildFile; fileRef = FE288EE21CE2EA07008330E3 /* ThriftManger.m */; };
		FE3490671D36422B001FC58C /* SwiftUIViewController.swift in Sources */ = {isa = PBXBuildFile; fileRef = FE3490661D36422B001FC58C /* SwiftUIViewController.swift */; };
		FE5D30611D53438200E7C44F /* CoreData.framework in Frameworks */ = {isa = PBXBuildFile; fileRef = FE5D30601D53438200E7C44F /* CoreData.framework */; };
		FE5D30641D5343E700E7C44F /* Model.xcdatamodeld in Sources */ = {isa = PBXBuildFile; fileRef = FE5D30621D5343E700E7C44F /* Model.xcdatamodeld */; };
		FEEB27EE1CE0798C00E79568 /* UIDatePickerViewController.m in Sources */ = {isa = PBXBuildFile; fileRef = FEEB27ED1CE0798C00E79568 /* UIDatePickerViewController.m */; };
		FEFA76391CF01D28004CF2C3 /* API.m in Sources */ = {isa = PBXBuildFile; fileRef = FEFA76381CF01D28004CF2C3 /* API.m */; };
/* End PBXBuildFile section */

/* Begin PBXContainerItemProxy section */
		FE1185491CA37D680017CFEA /* PBXContainerItemProxy */ = {
			isa = PBXContainerItemProxy;
			containerPortal = FE1185241CA37D680017CFEA /* Project object */;
			proxyType = 1;
			remoteGlobalIDString = FE11852B1CA37D680017CFEA;
			remoteInfo = ObjectCDemo;
		};
		FE1185541CA37D680017CFEA /* PBXContainerItemProxy */ = {
			isa = PBXContainerItemProxy;
			containerPortal = FE1185241CA37D680017CFEA /* Project object */;
			proxyType = 1;
			remoteGlobalIDString = FE11852B1CA37D680017CFEA;
			remoteInfo = ObjectCDemo;
		};
		FE1EB7D11CC384F800D40400 /* PBXContainerItemProxy */ = {
			isa = PBXContainerItemProxy;
			containerPortal = FE1185241CA37D680017CFEA /* Project object */;
			proxyType = 1;
			remoteGlobalIDString = FE1EB7CE1CC384F800D40400;
			remoteInfo = "ObjectWatch Extension";
		};
		FE1EB7E21CC384F800D40400 /* PBXContainerItemProxy */ = {
			isa = PBXContainerItemProxy;
			containerPortal = FE1185241CA37D680017CFEA /* Project object */;
			proxyType = 1;
			remoteGlobalIDString = FE1EB7C21CC384F800D40400;
			remoteInfo = ObjectWatch;
		};
/* End PBXContainerItemProxy section */

/* Begin PBXCopyFilesBuildPhase section */
		FE1EB7EA1CC384F800D40400 /* Embed App Extensions */ = {
			isa = PBXCopyFilesBuildPhase;
			buildActionMask = 2147483647;
			dstPath = "";
			dstSubfolderSpec = 13;
			files = (
				FE1EB7D01CC384F800D40400 /* ObjectWatch Extension.appex in Embed App Extensions */,
			);
			name = "Embed App Extensions";
			runOnlyForDeploymentPostprocessing = 0;
		};
		FE1EB7EC1CC384F800D40400 /* Embed Watch Content */ = {
			isa = PBXCopyFilesBuildPhase;
			buildActionMask = 2147483647;
			dstPath = "$(CONTENTS_FOLDER_PATH)/Watch";
			dstSubfolderSpec = 16;
			files = (
				FE1EB7E41CC384F800D40400 /* ObjectWatch.app in Embed Watch Content */,
			);
			name = "Embed Watch Content";
			runOnlyForDeploymentPostprocessing = 0;
		};
/* End PBXCopyFilesBuildPhase section */

/* Begin PBXFileReference section */
		6C3CF9351DB87AB000A9453C /* ObjectCDemo.entitlements */ = {isa = PBXFileReference; lastKnownFileType = text.plist.entitlements; path = ObjectCDemo.entitlements; sourceTree = "<group>"; };
		6C5EA57B1DBA09370060CCCF /* KeychainWrapper.h */ = {isa = PBXFileReference; fileEncoding = 4; lastKnownFileType = sourcecode.c.h; path = KeychainWrapper.h; sourceTree = "<group>"; };
		6C5EA57C1DBA09370060CCCF /* KeychainWrapper.m */ = {isa = PBXFileReference; fileEncoding = 4; lastKnownFileType = sourcecode.c.objc; path = KeychainWrapper.m; sourceTree = "<group>"; };
		6C908DD11DA88AE700EB8CF0 /* PasteLabel.h */ = {isa = PBXFileReference; fileEncoding = 4; lastKnownFileType = sourcecode.c.h; name = PasteLabel.h; path = ObjectCDemo/UI/PasteLabel.h; sourceTree = SOURCE_ROOT; };
		6C908DD21DA88AE700EB8CF0 /* PasteLabel.m */ = {isa = PBXFileReference; fileEncoding = 4; lastKnownFileType = sourcecode.c.objc; name = PasteLabel.m; path = ObjectCDemo/UI/PasteLabel.m; sourceTree = SOURCE_ROOT; };
		6C908DD51DA88AE700EB8CF0 /* XView.h */ = {isa = PBXFileReference; fileEncoding = 4; lastKnownFileType = sourcecode.c.h; name = XView.h; path = ObjectCDemo/UI/XView.h; sourceTree = SOURCE_ROOT; };
		6C908DD61DA88AE700EB8CF0 /* XView.m */ = {isa = PBXFileReference; fileEncoding = 4; lastKnownFileType = sourcecode.c.objc; name = XView.m; path = ObjectCDemo/UI/XView.m; sourceTree = SOURCE_ROOT; };
		6C908DDA1DA88B0C00EB8CF0 /* XWindow.h */ = {isa = PBXFileReference; fileEncoding = 4; lastKnownFileType = sourcecode.c.h; name = XWindow.h; path = UI/XWindow.h; sourceTree = "<group>"; };
		6C908DDB1DA88B0C00EB8CF0 /* XWindow.m */ = {isa = PBXFileReference; fileEncoding = 4; lastKnownFileType = sourcecode.c.objc; name = XWindow.m; path = UI/XWindow.m; sourceTree = "<group>"; };
		6C908DDD1DA88C1600EB8CF0 /* RCDemoViewController.h */ = {isa = PBXFileReference; fileEncoding = 4; lastKnownFileType = sourcecode.c.h; name = RCDemoViewController.h; path = Function/RCDemoViewController.h; sourceTree = "<group>"; };
		6C908DDE1DA88C1600EB8CF0 /* RCDemoViewController.m */ = {isa = PBXFileReference; fileEncoding = 4; lastKnownFileType = sourcecode.c.objc; name = RCDemoViewController.m; path = Function/RCDemoViewController.m; sourceTree = "<group>"; };
		6C908DEC1DA88D7D00EB8CF0 /* TextViewController.h */ = {isa = PBXFileReference; fileEncoding = 4; lastKnownFileType = sourcecode.c.h; name = TextViewController.h; path = UI/TextViewController.h; sourceTree = "<group>"; };
		6C908DED1DA88D7D00EB8CF0 /* TextViewController.m */ = {isa = PBXFileReference; fileEncoding = 4; lastKnownFileType = sourcecode.c.objc; name = TextViewController.m; path = UI/TextViewController.m; sourceTree = "<group>"; };
		6C908DEF1DA88DA400EB8CF0 /* RunLoopViewController.h */ = {isa = PBXFileReference; fileEncoding = 4; lastKnownFileType = sourcecode.c.h; name = RunLoopViewController.h; path = Function/RunLoopViewController.h; sourceTree = "<group>"; };
		6C908DF01DA88DA400EB8CF0 /* RunLoopViewController.m */ = {isa = PBXFileReference; fileEncoding = 4; lastKnownFileType = sourcecode.c.objc; name = RunLoopViewController.m; path = Function/RunLoopViewController.m; sourceTree = "<group>"; };
		6C908DF21DA88DC100EB8CF0 /* ThreadViewController.h */ = {isa = PBXFileReference; fileEncoding = 4; lastKnownFileType = sourcecode.c.h; name = ThreadViewController.h; path = Function/ThreadViewController.h; sourceTree = "<group>"; };
		6C908DF31DA88DC100EB8CF0 /* ThreadViewController.m */ = {isa = PBXFileReference; fileEncoding = 4; lastKnownFileType = sourcecode.c.objc; name = ThreadViewController.m; path = Function/ThreadViewController.m; sourceTree = "<group>"; };
		6C908DF51DA88DD900EB8CF0 /* AlgorithmViewController.h */ = {isa = PBXFileReference; fileEncoding = 4; lastKnownFileType = sourcecode.c.h; name = AlgorithmViewController.h; path = Function/AlgorithmViewController.h; sourceTree = "<group>"; };
		6C908DF61DA88DD900EB8CF0 /* AlgorithmViewController.m */ = {isa = PBXFileReference; fileEncoding = 4; lastKnownFileType = sourcecode.c.objc; name = AlgorithmViewController.m; path = Function/AlgorithmViewController.m; sourceTree = "<group>"; };
		6C908DF81DA88DF200EB8CF0 /* ImageTextViewController.h */ = {isa = PBXFileReference; fileEncoding = 4; lastKnownFileType = sourcecode.c.h; name = ImageTextViewController.h; path = Function/ImageTextViewController.h; sourceTree = "<group>"; };
		6C908DF91DA88DF200EB8CF0 /* ImageTextViewController.m */ = {isa = PBXFileReference; fileEncoding = 4; lastKnownFileType = sourcecode.c.objc; name = ImageTextViewController.m; path = Function/ImageTextViewController.m; sourceTree = "<group>"; };
		6C908DFB1DA8BBBD00EB8CF0 /* BlockViewController.h */ = {isa = PBXFileReference; fileEncoding = 4; lastKnownFileType = sourcecode.c.h; name = BlockViewController.h; path = Function/BlockViewController.h; sourceTree = "<group>"; };
		6C908DFC1DA8BBBD00EB8CF0 /* BlockViewController.m */ = {isa = PBXFileReference; fileEncoding = 4; lastKnownFileType = sourcecode.c.objc; name = BlockViewController.m; path = Function/BlockViewController.m; sourceTree = "<group>"; };
		6C908DFE1DA8BBD400EB8CF0 /* CycleViewController.h */ = {isa = PBXFileReference; fileEncoding = 4; lastKnownFileType = sourcecode.c.h; name = CycleViewController.h; path = Function/CycleViewController.h; sourceTree = "<group>"; };
		6C908DFF1DA8BBD400EB8CF0 /* CycleViewController.m */ = {isa = PBXFileReference; fileEncoding = 4; lastKnownFileType = sourcecode.c.objc; name = CycleViewController.m; path = Function/CycleViewController.m; sourceTree = "<group>"; };
		6C908E011DA8BBFB00EB8CF0 /* KvokvcViewController.h */ = {isa = PBXFileReference; fileEncoding = 4; lastKnownFileType = sourcecode.c.h; name = KvokvcViewController.h; path = Function/KvokvcViewController.h; sourceTree = "<group>"; };
		6C908E021DA8BBFB00EB8CF0 /* KvokvcViewController.m */ = {isa = PBXFileReference; fileEncoding = 4; lastKnownFileType = sourcecode.c.objc; name = KvokvcViewController.m; path = Function/KvokvcViewController.m; sourceTree = "<group>"; };
		6C908E041DA8BC1500EB8CF0 /* RunD.h */ = {isa = PBXFileReference; fileEncoding = 4; lastKnownFileType = sourcecode.c.h; name = RunD.h; path = Function/RunD.h; sourceTree = "<group>"; };
		6C908E051DA8BC1500EB8CF0 /* RunD.m */ = {isa = PBXFileReference; fileEncoding = 4; lastKnownFileType = sourcecode.c.objc; name = RunD.m; path = Function/RunD.m; sourceTree = "<group>"; };
		6C908E061DA8BC1500EB8CF0 /* RunTimeViewController.h */ = {isa = PBXFileReference; fileEncoding = 4; lastKnownFileType = sourcecode.c.h; name = RunTimeViewController.h; path = Function/RunTimeViewController.h; sourceTree = "<group>"; };
		6C908E071DA8BC1500EB8CF0 /* RunTimeViewController.m */ = {isa = PBXFileReference; fileEncoding = 4; lastKnownFileType = sourcecode.c.objc; name = RunTimeViewController.m; path = Function/RunTimeViewController.m; sourceTree = "<group>"; };
		6C908E0B1DA8BC6600EB8CF0 /* Car.h */ = {isa = PBXFileReference; fileEncoding = 4; lastKnownFileType = sourcecode.c.h; name = Car.h; path = Function/Car.h; sourceTree = "<group>"; };
		6C908E0C1DA8BC6600EB8CF0 /* Car.m */ = {isa = PBXFileReference; fileEncoding = 4; lastKnownFileType = sourcecode.c.objc; name = Car.m; path = Function/Car.m; sourceTree = "<group>"; };
		6C908E0D1DA8BC6600EB8CF0 /* Car+CoreDataProperties.h */ = {isa = PBXFileReference; fileEncoding = 4; lastKnownFileType = sourcecode.c.h; name = "Car+CoreDataProperties.h"; path = "Function/Car+CoreDataProperties.h"; sourceTree = "<group>"; };
		6C908E0E1DA8BC6600EB8CF0 /* Car+CoreDataProperties.m */ = {isa = PBXFileReference; fileEncoding = 4; lastKnownFileType = sourcecode.c.objc; name = "Car+CoreDataProperties.m"; path = "Function/Car+CoreDataProperties.m"; sourceTree = "<group>"; };
		6C908E0F1DA8BC6600EB8CF0 /* CoredataViewController.h */ = {isa = PBXFileReference; fileEncoding = 4; lastKnownFileType = sourcecode.c.h; name = CoredataViewController.h; path = Function/CoredataViewController.h; sourceTree = "<group>"; };
		6C908E101DA8BC6600EB8CF0 /* CoredataViewController.m */ = {isa = PBXFileReference; fileEncoding = 4; lastKnownFileType = sourcecode.c.objc; name = CoredataViewController.m; path = Function/CoredataViewController.m; sourceTree = "<group>"; };
		6C908E111DA8BC6600EB8CF0 /* Person.h */ = {isa = PBXFileReference; fileEncoding = 4; lastKnownFileType = sourcecode.c.h; name = Person.h; path = Function/Person.h; sourceTree = "<group>"; };
		6C908E121DA8BC6600EB8CF0 /* Person.m */ = {isa = PBXFileReference; fileEncoding = 4; lastKnownFileType = sourcecode.c.objc; name = Person.m; path = Function/Person.m; sourceTree = "<group>"; };
		6C908E131DA8BC6600EB8CF0 /* Person+CoreDataProperties.h */ = {isa = PBXFileReference; fileEncoding = 4; lastKnownFileType = sourcecode.c.h; name = "Person+CoreDataProperties.h"; path = "Function/Person+CoreDataProperties.h"; sourceTree = "<group>"; };
		6C908E141DA8BC6600EB8CF0 /* Person+CoreDataProperties.m */ = {isa = PBXFileReference; fileEncoding = 4; lastKnownFileType = sourcecode.c.objc; name = "Person+CoreDataProperties.m"; path = "Function/Person+CoreDataProperties.m"; sourceTree = "<group>"; };
		6C908E151DA8BC6600EB8CF0 /* XManageCoreData.h */ = {isa = PBXFileReference; fileEncoding = 4; lastKnownFileType = sourcecode.c.h; name = XManageCoreData.h; path = Function/XManageCoreData.h; sourceTree = "<group>"; };
		6C908E161DA8BC6600EB8CF0 /* XManageCoreData.m */ = {isa = PBXFileReference; fileEncoding = 4; lastKnownFileType = sourcecode.c.objc; name = XManageCoreData.m; path = Function/XManageCoreData.m; sourceTree = "<group>"; };
		6C9949711D9E5AE1000494C3 /* LastTableViewController.h */ = {isa = PBXFileReference; fileEncoding = 4; lastKnownFileType = sourcecode.c.h; name = LastTableViewController.h; path = ObjectCDemo/LastTableViewController.h; sourceTree = SOURCE_ROOT; };
		6C9949721D9E5AE1000494C3 /* LastTableViewController.m */ = {isa = PBXFileReference; fileEncoding = 4; lastKnownFileType = sourcecode.c.objc; name = LastTableViewController.m; path = ObjectCDemo/LastTableViewController.m; sourceTree = SOURCE_ROOT; };
		6CA2E0441D9D0F7F009C5BBE /* GIFImageView.h */ = {isa = PBXFileReference; fileEncoding = 4; lastKnownFileType = sourcecode.c.h; name = GIFImageView.h; path = ObjectCDemo/UI/GIFImageView.h; sourceTree = SOURCE_ROOT; };
		6CA2E0451D9D0F7F009C5BBE /* GIFImageView.m */ = {isa = PBXFileReference; fileEncoding = 4; lastKnownFileType = sourcecode.c.objc; name = GIFImageView.m; path = ObjectCDemo/UI/GIFImageView.m; sourceTree = SOURCE_ROOT; };
		93E3E053ACC7BC101A8C1D8D /* Pods_ObjectCDemo.framework */ = {isa = PBXFileReference; explicitFileType = wrapper.framework; includeInIndex = 0; path = Pods_ObjectCDemo.framework; sourceTree = BUILT_PRODUCTS_DIR; };
		CCE176A33EA281EB4DCD5D88 /* Pods-ObjectCDemo.debug.xcconfig */ = {isa = PBXFileReference; includeInIndex = 1; lastKnownFileType = text.xcconfig; name = "Pods-ObjectCDemo.debug.xcconfig"; path = "Pods/Target Support Files/Pods-ObjectCDemo/Pods-ObjectCDemo.debug.xcconfig"; sourceTree = "<group>"; };
		F25C032C8AA32DEC50BEB247 /* Pods-ObjectCDemo.release.xcconfig */ = {isa = PBXFileReference; includeInIndex = 1; lastKnownFileType = text.xcconfig; name = "Pods-ObjectCDemo.release.xcconfig"; path = "Pods/Target Support Files/Pods-ObjectCDemo/Pods-ObjectCDemo.release.xcconfig"; sourceTree = "<group>"; };
		FE00A8AB1D5422C8008FEB3F /* CoreText.framework */ = {isa = PBXFileReference; lastKnownFileType = wrapper.framework; name = CoreText.framework; path = System/Library/Frameworks/CoreText.framework; sourceTree = SDKROOT; };
		FE00A8AD1D544C4B008FEB3F /* XTextAttachment.h */ = {isa = PBXFileReference; fileEncoding = 4; lastKnownFileType = sourcecode.c.h; path = XTextAttachment.h; sourceTree = "<group>"; };
		FE00A8AE1D544C4B008FEB3F /* XTextAttachment.m */ = {isa = PBXFileReference; fileEncoding = 4; lastKnownFileType = sourcecode.c.objc; path = XTextAttachment.m; sourceTree = "<group>"; };
		FE11852C1CA37D680017CFEA /* ObjectCDemo.app */ = {isa = PBXFileReference; explicitFileType = wrapper.application; includeInIndex = 0; path = ObjectCDemo.app; sourceTree = BUILT_PRODUCTS_DIR; };
		FE1185301CA37D680017CFEA /* main.m */ = {isa = PBXFileReference; lastKnownFileType = sourcecode.c.objc; path = main.m; sourceTree = "<group>"; };
		FE1185321CA37D680017CFEA /* AppDelegate.h */ = {isa = PBXFileReference; lastKnownFileType = sourcecode.c.h; path = AppDelegate.h; sourceTree = "<group>"; };
		FE1185331CA37D680017CFEA /* AppDelegate.m */ = {isa = PBXFileReference; lastKnownFileType = sourcecode.c.objc; path = AppDelegate.m; sourceTree = "<group>"; };
		FE1185351CA37D680017CFEA /* FirstViewController.h */ = {isa = PBXFileReference; lastKnownFileType = sourcecode.c.h; path = FirstViewController.h; sourceTree = "<group>"; };
		FE1185361CA37D680017CFEA /* FirstViewController.m */ = {isa = PBXFileReference; lastKnownFileType = sourcecode.c.objc; path = FirstViewController.m; sourceTree = "<group>"; };
		FE1185381CA37D680017CFEA /* SecondViewController.h */ = {isa = PBXFileReference; lastKnownFileType = sourcecode.c.h; path = SecondViewController.h; sourceTree = "<group>"; };
		FE1185391CA37D680017CFEA /* SecondViewController.m */ = {isa = PBXFileReference; lastKnownFileType = sourcecode.c.objc; path = SecondViewController.m; sourceTree = "<group>"; };
		FE11853C1CA37D680017CFEA /* Base */ = {isa = PBXFileReference; lastKnownFileType = file.storyboard; name = Base; path = Base.lproj/Main.storyboard; sourceTree = "<group>"; };
		FE11853E1CA37D680017CFEA /* Assets.xcassets */ = {isa = PBXFileReference; lastKnownFileType = folder.assetcatalog; path = Assets.xcassets; sourceTree = "<group>"; };
		FE1185411CA37D680017CFEA /* Base */ = {isa = PBXFileReference; lastKnownFileType = file.storyboard; name = Base; path = Base.lproj/LaunchScreen.storyboard; sourceTree = "<group>"; };
		FE1185431CA37D680017CFEA /* Info.plist */ = {isa = PBXFileReference; lastKnownFileType = text.plist.xml; path = Info.plist; sourceTree = "<group>"; };
		FE1185481CA37D680017CFEA /* ObjectCDemoTests.xctest */ = {isa = PBXFileReference; explicitFileType = wrapper.cfbundle; includeInIndex = 0; path = ObjectCDemoTests.xctest; sourceTree = BUILT_PRODUCTS_DIR; };
		FE11854C1CA37D680017CFEA /* ObjectCDemoTests.m */ = {isa = PBXFileReference; lastKnownFileType = sourcecode.c.objc; path = ObjectCDemoTests.m; sourceTree = "<group>"; };
		FE11854E1CA37D680017CFEA /* Info.plist */ = {isa = PBXFileReference; lastKnownFileType = text.plist.xml; path = Info.plist; sourceTree = "<group>"; };
		FE1185531CA37D680017CFEA /* ObjectCDemoUITests.xctest */ = {isa = PBXFileReference; explicitFileType = wrapper.cfbundle; includeInIndex = 0; path = ObjectCDemoUITests.xctest; sourceTree = BUILT_PRODUCTS_DIR; };
		FE1185571CA37D680017CFEA /* ObjectCDemoUITests.m */ = {isa = PBXFileReference; lastKnownFileType = sourcecode.c.objc; path = ObjectCDemoUITests.m; sourceTree = "<group>"; };
		FE1185591CA37D680017CFEA /* Info.plist */ = {isa = PBXFileReference; lastKnownFileType = text.plist.xml; path = Info.plist; sourceTree = "<group>"; };
		FE11856B1CA37E6F0017CFEA /* MainTableViewController.h */ = {isa = PBXFileReference; fileEncoding = 4; lastKnownFileType = sourcecode.c.h; path = MainTableViewController.h; sourceTree = "<group>"; };
		FE11856C1CA37E6F0017CFEA /* MainTableViewController.m */ = {isa = PBXFileReference; fileEncoding = 4; lastKnownFileType = sourcecode.c.objc; path = MainTableViewController.m; sourceTree = "<group>"; };
		FE1EB7C31CC384F800D40400 /* ObjectWatch.app */ = {isa = PBXFileReference; explicitFileType = wrapper.application; includeInIndex = 0; path = ObjectWatch.app; sourceTree = BUILT_PRODUCTS_DIR; };
		FE1EB7C61CC384F800D40400 /* Base */ = {isa = PBXFileReference; lastKnownFileType = file.storyboard; name = Base; path = Base.lproj/Interface.storyboard; sourceTree = "<group>"; };
		FE1EB7C81CC384F800D40400 /* Assets.xcassets */ = {isa = PBXFileReference; lastKnownFileType = folder.assetcatalog; path = Assets.xcassets; sourceTree = "<group>"; };
		FE1EB7CA1CC384F800D40400 /* Info.plist */ = {isa = PBXFileReference; lastKnownFileType = text.plist.xml; path = Info.plist; sourceTree = "<group>"; };
		FE1EB7CF1CC384F800D40400 /* ObjectWatch Extension.appex */ = {isa = PBXFileReference; explicitFileType = "wrapper.app-extension"; includeInIndex = 0; path = "ObjectWatch Extension.appex"; sourceTree = BUILT_PRODUCTS_DIR; };
		FE1EB7D51CC384F800D40400 /* PushNotificationPayload.apns */ = {isa = PBXFileReference; lastKnownFileType = text; path = PushNotificationPayload.apns; sourceTree = "<group>"; };
		FE1EB7D61CC384F800D40400 /* InterfaceController.h */ = {isa = PBXFileReference; lastKnownFileType = sourcecode.c.h; path = InterfaceController.h; sourceTree = "<group>"; };
		FE1EB7D71CC384F800D40400 /* InterfaceController.m */ = {isa = PBXFileReference; lastKnownFileType = sourcecode.c.objc; path = InterfaceController.m; sourceTree = "<group>"; };
		FE1EB7D91CC384F800D40400 /* ExtensionDelegate.h */ = {isa = PBXFileReference; lastKnownFileType = sourcecode.c.h; path = ExtensionDelegate.h; sourceTree = "<group>"; };
		FE1EB7DA1CC384F800D40400 /* ExtensionDelegate.m */ = {isa = PBXFileReference; lastKnownFileType = sourcecode.c.objc; path = ExtensionDelegate.m; sourceTree = "<group>"; };
		FE1EB7DC1CC384F800D40400 /* NotificationController.h */ = {isa = PBXFileReference; lastKnownFileType = sourcecode.c.h; path = NotificationController.h; sourceTree = "<group>"; };
		FE1EB7DD1CC384F800D40400 /* NotificationController.m */ = {isa = PBXFileReference; lastKnownFileType = sourcecode.c.objc; path = NotificationController.m; sourceTree = "<group>"; };
		FE1EB7DF1CC384F800D40400 /* Assets.xcassets */ = {isa = PBXFileReference; lastKnownFileType = folder.assetcatalog; path = Assets.xcassets; sourceTree = "<group>"; };
		FE1EB7E11CC384F800D40400 /* Info.plist */ = {isa = PBXFileReference; lastKnownFileType = text.plist.xml; path = Info.plist; sourceTree = "<group>"; };
		FE1EB7ED1CC497EC00D40400 /* XTabBarViewController.h */ = {isa = PBXFileReference; fileEncoding = 4; lastKnownFileType = sourcecode.c.h; path = XTabBarViewController.h; sourceTree = "<group>"; };
		FE1EB7EE1CC497EC00D40400 /* XTabBarViewController.m */ = {isa = PBXFileReference; fileEncoding = 4; lastKnownFileType = sourcecode.c.objc; path = XTabBarViewController.m; sourceTree = "<group>"; };
		FE288EDE1CE2E98B008330E3 /* API.thrift */ = {isa = PBXFileReference; fileEncoding = 4; lastKnownFileType = text; path = API.thrift; sourceTree = "<group>"; };
		FE288EE11CE2EA07008330E3 /* ThriftManger.h */ = {isa = PBXFileReference; fileEncoding = 4; lastKnownFileType = sourcecode.c.h; path = ThriftManger.h; sourceTree = "<group>"; };
		FE288EE21CE2EA07008330E3 /* ThriftManger.m */ = {isa = PBXFileReference; fileEncoding = 4; lastKnownFileType = sourcecode.c.objc; path = ThriftManger.m; sourceTree = "<group>"; };
		FE3490631D363D87001FC58C /* ObjectCDemo-Bridging-Header.h */ = {isa = PBXFileReference; lastKnownFileType = sourcecode.c.h; path = "ObjectCDemo-Bridging-Header.h"; sourceTree = "<group>"; };
		FE3490661D36422B001FC58C /* SwiftUIViewController.swift */ = {isa = PBXFileReference; fileEncoding = 4; lastKnownFileType = sourcecode.swift; path = SwiftUIViewController.swift; sourceTree = "<group>"; };
		FE5D30601D53438200E7C44F /* CoreData.framework */ = {isa = PBXFileReference; lastKnownFileType = wrapper.framework; name = CoreData.framework; path = System/Library/Frameworks/CoreData.framework; sourceTree = SDKROOT; };
		FE5D30631D5343E700E7C44F /* Model.xcdatamodel */ = {isa = PBXFileReference; lastKnownFileType = wrapper.xcdatamodel; path = Model.xcdatamodel; sourceTree = "<group>"; };
		FEEB27EC1CE0798C00E79568 /* UIDatePickerViewController.h */ = {isa = PBXFileReference; fileEncoding = 4; lastKnownFileType = sourcecode.c.h; name = UIDatePickerViewController.h; path = ../../../../GitHub/ObjectiveDemo/ObjectCDemo/ObjectCDemo/UI/UIDatePickerViewController.h; sourceTree = "<group>"; };
		FEEB27ED1CE0798C00E79568 /* UIDatePickerViewController.m */ = {isa = PBXFileReference; fileEncoding = 4; lastKnownFileType = sourcecode.c.objc; name = UIDatePickerViewController.m; path = ../../../../GitHub/ObjectiveDemo/ObjectCDemo/ObjectCDemo/UI/UIDatePickerViewController.m; sourceTree = "<group>"; };
		FEFA76371CF01D28004CF2C3 /* API.h */ = {isa = PBXFileReference; fileEncoding = 4; lastKnownFileType = sourcecode.c.h; path = API.h; sourceTree = "<group>"; };
		FEFA76381CF01D28004CF2C3 /* API.m */ = {isa = PBXFileReference; fileEncoding = 4; lastKnownFileType = sourcecode.c.objc; path = API.m; sourceTree = "<group>"; };
/* End PBXFileReference section */

/* Begin PBXFrameworksBuildPhase section */
		0EBA247B13A249F907ECA66C /* Frameworks */ = {
			isa = PBXFrameworksBuildPhase;
			buildActionMask = 2147483647;
			files = (
			);
			runOnlyForDeploymentPostprocessing = 0;
		};
		FE1185291CA37D680017CFEA /* Frameworks */ = {
			isa = PBXFrameworksBuildPhase;
			buildActionMask = 2147483647;
			files = (
				FE00A8AC1D5422C8008FEB3F /* CoreText.framework in Frameworks */,
				FE5D30611D53438200E7C44F /* CoreData.framework in Frameworks */,
				9A2243D74E8BCDF649C5F454 /* Pods_ObjectCDemo.framework in Frameworks */,
			);
			runOnlyForDeploymentPostprocessing = 0;
		};
		FE1185451CA37D680017CFEA /* Frameworks */ = {
			isa = PBXFrameworksBuildPhase;
			buildActionMask = 2147483647;
			files = (
			);
			runOnlyForDeploymentPostprocessing = 0;
		};
		FE1185501CA37D680017CFEA /* Frameworks */ = {
			isa = PBXFrameworksBuildPhase;
			buildActionMask = 2147483647;
			files = (
			);
			runOnlyForDeploymentPostprocessing = 0;
		};
		FE1EB7CC1CC384F800D40400 /* Frameworks */ = {
			isa = PBXFrameworksBuildPhase;
			buildActionMask = 2147483647;
			files = (
			);
			runOnlyForDeploymentPostprocessing = 0;
		};
/* End PBXFrameworksBuildPhase section */

/* Begin PBXGroup section */
		13FAE18B031BA8ED14F8E1FC /* Frameworks */ = {
			isa = PBXGroup;
			children = (
				FE00A8AB1D5422C8008FEB3F /* CoreText.framework */,
				FE5D30601D53438200E7C44F /* CoreData.framework */,
				93E3E053ACC7BC101A8C1D8D /* Pods_ObjectCDemo.framework */,
			);
			name = Frameworks;
			sourceTree = "<group>";
		};
		6C5EA57A1DBA09270060CCCF /* Keychain */ = {
			isa = PBXGroup;
			children = (
				6C5EA57B1DBA09370060CCCF /* KeychainWrapper.h */,
				6C5EA57C1DBA09370060CCCF /* KeychainWrapper.m */,
			);
			name = Keychain;
			sourceTree = "<group>";
		};
		6C908E0A1DA8BC3500EB8CF0 /* CoreData */ = {
			isa = PBXGroup;
			children = (
				6C908E0B1DA8BC6600EB8CF0 /* Car.h */,
				6C908E0C1DA8BC6600EB8CF0 /* Car.m */,
				6C908E0D1DA8BC6600EB8CF0 /* Car+CoreDataProperties.h */,
				6C908E0E1DA8BC6600EB8CF0 /* Car+CoreDataProperties.m */,
				6C908E0F1DA8BC6600EB8CF0 /* CoredataViewController.h */,
				6C908E101DA8BC6600EB8CF0 /* CoredataViewController.m */,
				6C908E111DA8BC6600EB8CF0 /* Person.h */,
				6C908E121DA8BC6600EB8CF0 /* Person.m */,
				6C908E131DA8BC6600EB8CF0 /* Person+CoreDataProperties.h */,
				6C908E141DA8BC6600EB8CF0 /* Person+CoreDataProperties.m */,
				6C908E151DA8BC6600EB8CF0 /* XManageCoreData.h */,
				6C908E161DA8BC6600EB8CF0 /* XManageCoreData.m */,
			);
			name = CoreData;
			sourceTree = "<group>";
		};
		6C99497A1D9E5B57000494C3 /* UIview */ = {
			isa = PBXGroup;
			children = (
				6C908DD11DA88AE700EB8CF0 /* PasteLabel.h */,
				6C908DD21DA88AE700EB8CF0 /* PasteLabel.m */,
				6C908DD51DA88AE700EB8CF0 /* XView.h */,
				6C908DD61DA88AE700EB8CF0 /* XView.m */,
			);
			name = UIview;
			sourceTree = "<group>";
		};
		6C99497E1D9E5DF3000494C3 /* PickerView */ = {
			isa = PBXGroup;
			children = (
				FEEB27EC1CE0798C00E79568 /* UIDatePickerViewController.h */,
				FEEB27ED1CE0798C00E79568 /* UIDatePickerViewController.m */,
			);
			name = PickerView;
			sourceTree = "<group>";
		};
		6C99497F1D9E5E26000494C3 /* UILabel */ = {
			isa = PBXGroup;
			children = (
			);
			name = UILabel;
			sourceTree = "<group>";
		};
		97CB46B154E6D1EFED573DB8 /* Pods */ = {
			isa = PBXGroup;
			children = (
				CCE176A33EA281EB4DCD5D88 /* Pods-ObjectCDemo.debug.xcconfig */,
				F25C032C8AA32DEC50BEB247 /* Pods-ObjectCDemo.release.xcconfig */,
			);
			name = Pods;
			sourceTree = "<group>";
		};
		FE0039721D11237E007294BB /* algorithm */ = {
			isa = PBXGroup;
			children = (
				6C908DF51DA88DD900EB8CF0 /* AlgorithmViewController.h */,
				6C908DF61DA88DD900EB8CF0 /* AlgorithmViewController.m */,
			);
			name = algorithm;
			sourceTree = "<group>";
		};
		FE0039761D11271F007294BB /* thread */ = {
			isa = PBXGroup;
			children = (
				6C908DF21DA88DC100EB8CF0 /* ThreadViewController.h */,
				6C908DF31DA88DC100EB8CF0 /* ThreadViewController.m */,
			);
			name = thread;
			sourceTree = "<group>";
		};
		FE00397A1D1138C5007294BB /* UI */ = {
			isa = PBXGroup;
			children = (
				6C99497F1D9E5E26000494C3 /* UILabel */,
				6C99497E1D9E5DF3000494C3 /* PickerView */,
				6C9949711D9E5AE1000494C3 /* LastTableViewController.h */,
				6C9949721D9E5AE1000494C3 /* LastTableViewController.m */,
				FE11857D1CA3CA950017CFEA /* uiwindow */,
				6C99497A1D9E5B57000494C3 /* UIview */,
				FEB99B021CF86BDE007B039F /* 文字 */,
				FEC7618E1D2CA6F200EEF994 /* GIF */,
			);
			name = UI;
			path = ../../../../Git/ipad_psr/HomeHelper/UI;
			sourceTree = "<group>";
		};
		FE0E2A971D06AF6A00F49470 /* 图文 */ = {
			isa = PBXGroup;
			children = (
				6C908DF81DA88DF200EB8CF0 /* ImageTextViewController.h */,
				6C908DF91DA88DF200EB8CF0 /* ImageTextViewController.m */,
				FE00A8AD1D544C4B008FEB3F /* XTextAttachment.h */,
				FE00A8AE1D544C4B008FEB3F /* XTextAttachment.m */,
			);
			name = "图文";
			sourceTree = "<group>";
		};
		FE1185231CA37D680017CFEA = {
			isa = PBXGroup;
			children = (
				FE11852E1CA37D680017CFEA /* ObjectCDemo */,
				FE11854B1CA37D680017CFEA /* ObjectCDemoTests */,
				FE1185561CA37D680017CFEA /* ObjectCDemoUITests */,
				FE1EB7C41CC384F800D40400 /* ObjectWatch */,
				FE1EB7D31CC384F800D40400 /* ObjectWatch Extension */,
				FE11852D1CA37D680017CFEA /* Products */,
				97CB46B154E6D1EFED573DB8 /* Pods */,
				13FAE18B031BA8ED14F8E1FC /* Frameworks */,
			);
			sourceTree = "<group>";
		};
		FE11852D1CA37D680017CFEA /* Products */ = {
			isa = PBXGroup;
			children = (
				FE11852C1CA37D680017CFEA /* ObjectCDemo.app */,
				FE1185481CA37D680017CFEA /* ObjectCDemoTests.xctest */,
				FE1185531CA37D680017CFEA /* ObjectCDemoUITests.xctest */,
				FE1EB7C31CC384F800D40400 /* ObjectWatch.app */,
				FE1EB7CF1CC384F800D40400 /* ObjectWatch Extension.appex */,
			);
			name = Products;
			sourceTree = "<group>";
		};
		FE11852E1CA37D680017CFEA /* ObjectCDemo */ = {
			isa = PBXGroup;
			children = (
				6C3CF9351DB87AB000A9453C /* ObjectCDemo.entitlements */,
				FEF43B411D376FAC0083B8B3 /* swiftUI */,
				FE00397A1D1138C5007294BB /* UI */,
				FE288EDA1CE2E98B008330E3 /* Thrift */,
				FEEA49B51CC66A930093ADBF /* grammar */,
				FE1185321CA37D680017CFEA /* AppDelegate.h */,
				FE1185331CA37D680017CFEA /* AppDelegate.m */,
				FE1185351CA37D680017CFEA /* FirstViewController.h */,
				FE1185361CA37D680017CFEA /* FirstViewController.m */,
				FE1185381CA37D680017CFEA /* SecondViewController.h */,
				FE1185391CA37D680017CFEA /* SecondViewController.m */,
				FE1EB7ED1CC497EC00D40400 /* XTabBarViewController.h */,
				FE1EB7EE1CC497EC00D40400 /* XTabBarViewController.m */,
				FE3490661D36422B001FC58C /* SwiftUIViewController.swift */,
				FE11853B1CA37D680017CFEA /* Main.storyboard */,
				FE5D30621D5343E700E7C44F /* Model.xcdatamodeld */,
				FE11853E1CA37D680017CFEA /* Assets.xcassets */,
				FE1185401CA37D680017CFEA /* LaunchScreen.storyboard */,
				FE1185431CA37D680017CFEA /* Info.plist */,
				FE11852F1CA37D680017CFEA /* Supporting Files */,
			);
			path = ObjectCDemo;
			sourceTree = "<group>";
		};
		FE11852F1CA37D680017CFEA /* Supporting Files */ = {
			isa = PBXGroup;
			children = (
				FE1185301CA37D680017CFEA /* main.m */,
				FE3490631D363D87001FC58C /* ObjectCDemo-Bridging-Header.h */,
			);
			name = "Supporting Files";
			sourceTree = "<group>";
		};
		FE11854B1CA37D680017CFEA /* ObjectCDemoTests */ = {
			isa = PBXGroup;
			children = (
				FE11854C1CA37D680017CFEA /* ObjectCDemoTests.m */,
				FE11854E1CA37D680017CFEA /* Info.plist */,
			);
			path = ObjectCDemoTests;
			sourceTree = "<group>";
		};
		FE1185561CA37D680017CFEA /* ObjectCDemoUITests */ = {
			isa = PBXGroup;
			children = (
				FE1185571CA37D680017CFEA /* ObjectCDemoUITests.m */,
				FE1185591CA37D680017CFEA /* Info.plist */,
			);
			path = ObjectCDemoUITests;
			sourceTree = "<group>";
		};
		FE1185761CA380FD0017CFEA /* RunTime */ = {
			isa = PBXGroup;
			children = (
				6C908E041DA8BC1500EB8CF0 /* RunD.h */,
				6C908E051DA8BC1500EB8CF0 /* RunD.m */,
				6C908E061DA8BC1500EB8CF0 /* RunTimeViewController.h */,
				6C908E071DA8BC1500EB8CF0 /* RunTimeViewController.m */,
			);
			name = RunTime;
			sourceTree = "<group>";
		};
		FE11857D1CA3CA950017CFEA /* uiwindow */ = {
			isa = PBXGroup;
			children = (
				6C908DDA1DA88B0C00EB8CF0 /* XWindow.h */,
				6C908DDB1DA88B0C00EB8CF0 /* XWindow.m */,
			);
			name = uiwindow;
			path = ../../../../GitHub/ObjectiveDemo/ObjectCDemo/ObjectCDemo;
			sourceTree = "<group>";
		};
		FE17AC6A1D13E5F900CD3AA5 /* Runloop */ = {
			isa = PBXGroup;
			children = (
				6C908DEF1DA88DA400EB8CF0 /* RunLoopViewController.h */,
				6C908DF01DA88DA400EB8CF0 /* RunLoopViewController.m */,
			);
			name = Runloop;
			sourceTree = "<group>";
		};
		FE1EB7C41CC384F800D40400 /* ObjectWatch */ = {
			isa = PBXGroup;
			children = (
				FE1EB7C51CC384F800D40400 /* Interface.storyboard */,
				FE1EB7C81CC384F800D40400 /* Assets.xcassets */,
				FE1EB7CA1CC384F800D40400 /* Info.plist */,
			);
			path = ObjectWatch;
			sourceTree = "<group>";
		};
		FE1EB7D31CC384F800D40400 /* ObjectWatch Extension */ = {
			isa = PBXGroup;
			children = (
				FE1EB7D61CC384F800D40400 /* InterfaceController.h */,
				FE1EB7D71CC384F800D40400 /* InterfaceController.m */,
				FE1EB7D91CC384F800D40400 /* ExtensionDelegate.h */,
				FE1EB7DA1CC384F800D40400 /* ExtensionDelegate.m */,
				FE1EB7DC1CC384F800D40400 /* NotificationController.h */,
				FE1EB7DD1CC384F800D40400 /* NotificationController.m */,
				FE1EB7DF1CC384F800D40400 /* Assets.xcassets */,
				FE1EB7E11CC384F800D40400 /* Info.plist */,
				FE1EB7D41CC384F800D40400 /* Supporting Files */,
			);
			path = "ObjectWatch Extension";
			sourceTree = "<group>";
		};
		FE1EB7D41CC384F800D40400 /* Supporting Files */ = {
			isa = PBXGroup;
			children = (
				FE1EB7D51CC384F800D40400 /* PushNotificationPayload.apns */,
			);
			name = "Supporting Files";
			sourceTree = "<group>";
		};
		FE1F8AAB1D28D655000F8373 /* ReactiveCocoa */ = {
			isa = PBXGroup;
			children = (
				6C908DDD1DA88C1600EB8CF0 /* RCDemoViewController.h */,
				6C908DDE1DA88C1600EB8CF0 /* RCDemoViewController.m */,
			);
			name = ReactiveCocoa;
			sourceTree = "<group>";
		};
		FE288EDA1CE2E98B008330E3 /* Thrift */ = {
			isa = PBXGroup;
			children = (
				FE288EDB1CE2E98B008330E3 /* gen-cocoa */,
				FE288EDE1CE2E98B008330E3 /* API.thrift */,
				FE288EE11CE2EA07008330E3 /* ThriftManger.h */,
				FE288EE21CE2EA07008330E3 /* ThriftManger.m */,
			);
			path = Thrift;
			sourceTree = "<group>";
		};
		FE288EDB1CE2E98B008330E3 /* gen-cocoa */ = {
			isa = PBXGroup;
			children = (
				FEFA76371CF01D28004CF2C3 /* API.h */,
				FEFA76381CF01D28004CF2C3 /* API.m */,
			);
			path = "gen-cocoa";
			sourceTree = "<group>";
		};
		FEB99B021CF86BDE007B039F /* 文字 */ = {
			isa = PBXGroup;
			children = (
				6C908DEC1DA88D7D00EB8CF0 /* TextViewController.h */,
				6C908DED1DA88D7D00EB8CF0 /* TextViewController.m */,
			);
			name = "文字";
			path = ../../../../GitHub/ObjectiveDemo/ObjectCDemo/ObjectCDemo;
			sourceTree = "<group>";
		};
		FEC09DD01CCA685E00C320FC /* cycle */ = {
			isa = PBXGroup;
			children = (
				6C908DFE1DA8BBD400EB8CF0 /* CycleViewController.h */,
				6C908DFF1DA8BBD400EB8CF0 /* CycleViewController.m */,
			);
			name = cycle;
			sourceTree = "<group>";
		};
		FEC09DD41CCB24ED00C320FC /* Block */ = {
			isa = PBXGroup;
			children = (
				6C908DFB1DA8BBBD00EB8CF0 /* BlockViewController.h */,
				6C908DFC1DA8BBBD00EB8CF0 /* BlockViewController.m */,
			);
			name = Block;
			sourceTree = "<group>";
		};
		FEC7618E1D2CA6F200EEF994 /* GIF */ = {
			isa = PBXGroup;
			children = (
				6CA2E0441D9D0F7F009C5BBE /* GIFImageView.h */,
				6CA2E0451D9D0F7F009C5BBE /* GIFImageView.m */,
			);
			name = GIF;
			sourceTree = "<group>";
		};
		FEEA49B51CC66A930093ADBF /* grammar */ = {
			isa = PBXGroup;
			children = (
				6C5EA57A1DBA09270060CCCF /* Keychain */,
				6C908E0A1DA8BC3500EB8CF0 /* CoreData */,
				FE11856B1CA37E6F0017CFEA /* MainTableViewController.h */,
				FE11856C1CA37E6F0017CFEA /* MainTableViewController.m */,
				FE1F8AAB1D28D655000F8373 /* ReactiveCocoa */,
				FE17AC6A1D13E5F900CD3AA5 /* Runloop */,
				FE0039761D11271F007294BB /* thread */,
				FE0039721D11237E007294BB /* algorithm */,
				FE0E2A971D06AF6A00F49470 /* 图文 */,
				FEC09DD41CCB24ED00C320FC /* Block */,
				FEC09DD01CCA685E00C320FC /* cycle */,
				FEEA49B61CC66AC40093ADBF /* KVOKVC */,
				FE1185761CA380FD0017CFEA /* RunTime */,
			);
			name = grammar;
			sourceTree = "<group>";
		};
		FEEA49B61CC66AC40093ADBF /* KVOKVC */ = {
			isa = PBXGroup;
			children = (
				6C908E011DA8BBFB00EB8CF0 /* KvokvcViewController.h */,
				6C908E021DA8BBFB00EB8CF0 /* KvokvcViewController.m */,
			);
			name = KVOKVC;
			sourceTree = "<group>";
		};
		FEF43B411D376FAC0083B8B3 /* swiftUI */ = {
			isa = PBXGroup;
			children = (
			);
			path = swiftUI;
			sourceTree = "<group>";
		};
/* End PBXGroup section */

/* Begin PBXNativeTarget section */
		FE11852B1CA37D680017CFEA /* ObjectCDemo */ = {
			isa = PBXNativeTarget;
			buildConfigurationList = FE11855C1CA37D680017CFEA /* Build configuration list for PBXNativeTarget "ObjectCDemo" */;
			buildPhases = (
				3429B1A87547325230F63108 /* [CP] Check Pods Manifest.lock */,
				FE1185281CA37D680017CFEA /* Sources */,
				FE1185291CA37D680017CFEA /* Frameworks */,
				FE11852A1CA37D680017CFEA /* Resources */,
				FE1EB7EC1CC384F800D40400 /* Embed Watch Content */,
				6911625C4C19753B7135A058 /* [CP] Embed Pods Frameworks */,
				ED96D658F92FBDE88A1C9A3C /* [CP] Copy Pods Resources */,
			);
			buildRules = (
			);
			dependencies = (
				FE1EB7E31CC384F800D40400 /* PBXTargetDependency */,
			);
			name = ObjectCDemo;
			productName = ObjectCDemo;
			productReference = FE11852C1CA37D680017CFEA /* ObjectCDemo.app */;
			productType = "com.apple.product-type.application";
		};
		FE1185471CA37D680017CFEA /* ObjectCDemoTests */ = {
			isa = PBXNativeTarget;
			buildConfigurationList = FE11855F1CA37D680017CFEA /* Build configuration list for PBXNativeTarget "ObjectCDemoTests" */;
			buildPhases = (
				FE1185441CA37D680017CFEA /* Sources */,
				FE1185451CA37D680017CFEA /* Frameworks */,
				FE1185461CA37D680017CFEA /* Resources */,
			);
			buildRules = (
			);
			dependencies = (
				FE11854A1CA37D680017CFEA /* PBXTargetDependency */,
			);
			name = ObjectCDemoTests;
			productName = ObjectCDemoTests;
			productReference = FE1185481CA37D680017CFEA /* ObjectCDemoTests.xctest */;
			productType = "com.apple.product-type.bundle.unit-test";
		};
		FE1185521CA37D680017CFEA /* ObjectCDemoUITests */ = {
			isa = PBXNativeTarget;
			buildConfigurationList = FE1185621CA37D680017CFEA /* Build configuration list for PBXNativeTarget "ObjectCDemoUITests" */;
			buildPhases = (
				FE11854F1CA37D680017CFEA /* Sources */,
				FE1185501CA37D680017CFEA /* Frameworks */,
				FE1185511CA37D680017CFEA /* Resources */,
			);
			buildRules = (
			);
			dependencies = (
				FE1185551CA37D680017CFEA /* PBXTargetDependency */,
			);
			name = ObjectCDemoUITests;
			productName = ObjectCDemoUITests;
			productReference = FE1185531CA37D680017CFEA /* ObjectCDemoUITests.xctest */;
			productType = "com.apple.product-type.bundle.ui-testing";
		};
		FE1EB7C21CC384F800D40400 /* ObjectWatch */ = {
			isa = PBXNativeTarget;
			buildConfigurationList = FE1EB7EB1CC384F800D40400 /* Build configuration list for PBXNativeTarget "ObjectWatch" */;
			buildPhases = (
				FE1EB7C11CC384F800D40400 /* Resources */,
				FE1EB7EA1CC384F800D40400 /* Embed App Extensions */,
				0EBA247B13A249F907ECA66C /* Frameworks */,
			);
			buildRules = (
			);
			dependencies = (
				FE1EB7D21CC384F800D40400 /* PBXTargetDependency */,
			);
			name = ObjectWatch;
			productName = ObjectWatch;
			productReference = FE1EB7C31CC384F800D40400 /* ObjectWatch.app */;
			productType = "com.apple.product-type.application.watchapp2";
		};
		FE1EB7CE1CC384F800D40400 /* ObjectWatch Extension */ = {
			isa = PBXNativeTarget;
			buildConfigurationList = FE1EB7E91CC384F800D40400 /* Build configuration list for PBXNativeTarget "ObjectWatch Extension" */;
			buildPhases = (
				FE1EB7CB1CC384F800D40400 /* Sources */,
				FE1EB7CC1CC384F800D40400 /* Frameworks */,
				FE1EB7CD1CC384F800D40400 /* Resources */,
			);
			buildRules = (
			);
			dependencies = (
			);
			name = "ObjectWatch Extension";
			productName = "ObjectWatch Extension";
			productReference = FE1EB7CF1CC384F800D40400 /* ObjectWatch Extension.appex */;
			productType = "com.apple.product-type.watchkit2-extension";
		};
/* End PBXNativeTarget section */

/* Begin PBXProject section */
		FE1185241CA37D680017CFEA /* Project object */ = {
			isa = PBXProject;
			attributes = {
				LastSwiftUpdateCheck = 0730;
				LastUpgradeCheck = 0720;
				ORGANIZATIONNAME = XiaoJingYuan;
				TargetAttributes = {
					FE11852B1CA37D680017CFEA = {
						CreatedOnToolsVersion = 7.2.1;
						DevelopmentTeam = SXQPDBEYMH;
						LastSwiftMigration = 0800;
						SystemCapabilities = {
							com.apple.Keychain = {
								enabled = 1;
							};
							com.apple.Push = {
								enabled = 1;
							};
						};
					};
					FE1185471CA37D680017CFEA = {
						CreatedOnToolsVersion = 7.2.1;
						TestTargetID = FE11852B1CA37D680017CFEA;
					};
					FE1185521CA37D680017CFEA = {
						CreatedOnToolsVersion = 7.2.1;
						TestTargetID = FE11852B1CA37D680017CFEA;
					};
					FE1EB7C21CC384F800D40400 = {
						CreatedOnToolsVersion = 7.3;
					};
					FE1EB7CE1CC384F800D40400 = {
						CreatedOnToolsVersion = 7.3;
					};
				};
			};
			buildConfigurationList = FE1185271CA37D680017CFEA /* Build configuration list for PBXProject "ObjectCDemo" */;
			compatibilityVersion = "Xcode 3.2";
			developmentRegion = English;
			hasScannedForEncodings = 0;
			knownRegions = (
				en,
				Base,
			);
			mainGroup = FE1185231CA37D680017CFEA;
			productRefGroup = FE11852D1CA37D680017CFEA /* Products */;
			projectDirPath = "";
			projectRoot = "";
			targets = (
				FE11852B1CA37D680017CFEA /* ObjectCDemo */,
				FE1185471CA37D680017CFEA /* ObjectCDemoTests */,
				FE1185521CA37D680017CFEA /* ObjectCDemoUITests */,
				FE1EB7C21CC384F800D40400 /* ObjectWatch */,
				FE1EB7CE1CC384F800D40400 /* ObjectWatch Extension */,
			);
		};
/* End PBXProject section */

/* Begin PBXResourcesBuildPhase section */
		FE11852A1CA37D680017CFEA /* Resources */ = {
			isa = PBXResourcesBuildPhase;
			buildActionMask = 2147483647;
			files = (
				FE288EE01CE2E98B008330E3 /* API.thrift in Resources */,
				FE1185421CA37D680017CFEA /* LaunchScreen.storyboard in Resources */,
				FE11853F1CA37D680017CFEA /* Assets.xcassets in Resources */,
				FE11853D1CA37D680017CFEA /* Main.storyboard in Resources */,
			);
			runOnlyForDeploymentPostprocessing = 0;
		};
		FE1185461CA37D680017CFEA /* Resources */ = {
			isa = PBXResourcesBuildPhase;
			buildActionMask = 2147483647;
			files = (
			);
			runOnlyForDeploymentPostprocessing = 0;
		};
		FE1185511CA37D680017CFEA /* Resources */ = {
			isa = PBXResourcesBuildPhase;
			buildActionMask = 2147483647;
			files = (
			);
			runOnlyForDeploymentPostprocessing = 0;
		};
		FE1EB7C11CC384F800D40400 /* Resources */ = {
			isa = PBXResourcesBuildPhase;
			buildActionMask = 2147483647;
			files = (
				FE1EB7C91CC384F800D40400 /* Assets.xcassets in Resources */,
				FE1EB7C71CC384F800D40400 /* Interface.storyboard in Resources */,
			);
			runOnlyForDeploymentPostprocessing = 0;
		};
		FE1EB7CD1CC384F800D40400 /* Resources */ = {
			isa = PBXResourcesBuildPhase;
			buildActionMask = 2147483647;
			files = (
				FE1EB7E01CC384F800D40400 /* Assets.xcassets in Resources */,
			);
			runOnlyForDeploymentPostprocessing = 0;
		};
/* End PBXResourcesBuildPhase section */

/* Begin PBXShellScriptBuildPhase section */
		3429B1A87547325230F63108 /* [CP] Check Pods Manifest.lock */ = {
			isa = PBXShellScriptBuildPhase;
			buildActionMask = 2147483647;
			files = (
			);
			inputPaths = (
			);
			name = "[CP] Check Pods Manifest.lock";
			outputPaths = (
			);
			runOnlyForDeploymentPostprocessing = 0;
			shellPath = /bin/sh;
			shellScript = "diff \"${PODS_ROOT}/../Podfile.lock\" \"${PODS_ROOT}/Manifest.lock\" > /dev/null\nif [ $? != 0 ] ; then\n    # print error to STDERR\n    echo \"error: The sandbox is not in sync with the Podfile.lock. Run 'pod install' or update your CocoaPods installation.\" >&2\n    exit 1\nfi\n";
			showEnvVarsInLog = 0;
		};
		6911625C4C19753B7135A058 /* [CP] Embed Pods Frameworks */ = {
			isa = PBXShellScriptBuildPhase;
			buildActionMask = 2147483647;
			files = (
			);
			inputPaths = (
			);
			name = "[CP] Embed Pods Frameworks";
			outputPaths = (
			);
			runOnlyForDeploymentPostprocessing = 0;
			shellPath = /bin/sh;
			shellScript = "\"${SRCROOT}/Pods/Target Support Files/Pods-ObjectCDemo/Pods-ObjectCDemo-frameworks.sh\"\n";
			showEnvVarsInLog = 0;
		};
		ED96D658F92FBDE88A1C9A3C /* [CP] Copy Pods Resources */ = {
			isa = PBXShellScriptBuildPhase;
			buildActionMask = 2147483647;
			files = (
			);
			inputPaths = (
			);
			name = "[CP] Copy Pods Resources";
			outputPaths = (
			);
			runOnlyForDeploymentPostprocessing = 0;
			shellPath = /bin/sh;
			shellScript = "\"${SRCROOT}/Pods/Target Support Files/Pods-ObjectCDemo/Pods-ObjectCDemo-resources.sh\"\n";
			showEnvVarsInLog = 0;
		};
/* End PBXShellScriptBuildPhase section */

/* Begin PBXSourcesBuildPhase section */
		FE1185281CA37D680017CFEA /* Sources */ = {
			isa = PBXSourcesBuildPhase;
			buildActionMask = 2147483647;
			files = (
				FE11853A1CA37D680017CFEA /* SecondViewController.m in Sources */,
				6C908DDF1DA88C1600EB8CF0 /* RCDemoViewController.m in Sources */,
				FEEB27EE1CE0798C00E79568 /* UIDatePickerViewController.m in Sources */,
				FE5D30641D5343E700E7C44F /* Model.xcdatamodeld in Sources */,
				6C5EA57D1DBA09370060CCCF /* KeychainWrapper.m in Sources */,
				6C908E1A1DA8BC6600EB8CF0 /* Person.m in Sources */,
				6C908E181DA8BC6600EB8CF0 /* Car+CoreDataProperties.m in Sources */,
				FE3490671D36422B001FC58C /* SwiftUIViewController.swift in Sources */,
				FE00A8AF1D544C4B008FEB3F /* XTextAttachment.m in Sources */,
				6C908E081DA8BC1500EB8CF0 /* RunD.m in Sources */,
				6C908DFA1DA88DF200EB8CF0 /* ImageTextViewController.m in Sources */,
				FEFA76391CF01D28004CF2C3 /* API.m in Sources */,
				FE1185341CA37D680017CFEA /* AppDelegate.m in Sources */,
				6C908DF41DA88DC100EB8CF0 /* ThreadViewController.m in Sources */,
				6C908DDC1DA88B0C00EB8CF0 /* XWindow.m in Sources */,
				FE11856E1CA37E6F0017CFEA /* MainTableViewController.m in Sources */,
				FE1EB7EF1CC497EC00D40400 /* XTabBarViewController.m in Sources */,
				6C908DF71DA88DD900EB8CF0 /* AlgorithmViewController.m in Sources */,
				6C908E171DA8BC6600EB8CF0 /* Car.m in Sources */,
				FE288EE31CE2EA07008330E3 /* ThriftManger.m in Sources */,
				6C908E091DA8BC1500EB8CF0 /* RunTimeViewController.m in Sources */,
				6C908DFD1DA8BBBD00EB8CF0 /* BlockViewController.m in Sources */,
				6C908E191DA8BC6600EB8CF0 /* CoredataViewController.m in Sources */,
				6C908E1C1DA8BC6600EB8CF0 /* XManageCoreData.m in Sources */,
				6C908E031DA8BBFB00EB8CF0 /* KvokvcViewController.m in Sources */,
				FE1185371CA37D680017CFEA /* FirstViewController.m in Sources */,
				FE1185311CA37D680017CFEA /* main.m in Sources */,
				6C908DD71DA88AE800EB8CF0 /* PasteLabel.m in Sources */,
				6CA2E0461D9D0F7F009C5BBE /* GIFImageView.m in Sources */,
				6C908DEE1DA88D7D00EB8CF0 /* TextViewController.m in Sources */,
				6C9949731D9E5AE1000494C3 /* LastTableViewController.m in Sources */,
				6C908DF11DA88DA400EB8CF0 /* RunLoopViewController.m in Sources */,
				6C908DD91DA88AE800EB8CF0 /* XView.m in Sources */,
				6C908E1B1DA8BC6600EB8CF0 /* Person+CoreDataProperties.m in Sources */,
				6C908E001DA8BBD400EB8CF0 /* CycleViewController.m in Sources */,
			);
			runOnlyForDeploymentPostprocessing = 0;
		};
		FE1185441CA37D680017CFEA /* Sources */ = {
			isa = PBXSourcesBuildPhase;
			buildActionMask = 2147483647;
			files = (
				FE11854D1CA37D680017CFEA /* ObjectCDemoTests.m in Sources */,
			);
			runOnlyForDeploymentPostprocessing = 0;
		};
		FE11854F1CA37D680017CFEA /* Sources */ = {
			isa = PBXSourcesBuildPhase;
			buildActionMask = 2147483647;
			files = (
				FE1185581CA37D680017CFEA /* ObjectCDemoUITests.m in Sources */,
			);
			runOnlyForDeploymentPostprocessing = 0;
		};
		FE1EB7CB1CC384F800D40400 /* Sources */ = {
			isa = PBXSourcesBuildPhase;
			buildActionMask = 2147483647;
			files = (
				FE1EB7DB1CC384F800D40400 /* ExtensionDelegate.m in Sources */,
				FE1EB7D81CC384F800D40400 /* InterfaceController.m in Sources */,
				FE1EB7DE1CC384F800D40400 /* NotificationController.m in Sources */,
			);
			runOnlyForDeploymentPostprocessing = 0;
		};
/* End PBXSourcesBuildPhase section */

/* Begin PBXTargetDependency section */
		FE11854A1CA37D680017CFEA /* PBXTargetDependency */ = {
			isa = PBXTargetDependency;
			target = FE11852B1CA37D680017CFEA /* ObjectCDemo */;
			targetProxy = FE1185491CA37D680017CFEA /* PBXContainerItemProxy */;
		};
		FE1185551CA37D680017CFEA /* PBXTargetDependency */ = {
			isa = PBXTargetDependency;
			target = FE11852B1CA37D680017CFEA /* ObjectCDemo */;
			targetProxy = FE1185541CA37D680017CFEA /* PBXContainerItemProxy */;
		};
		FE1EB7D21CC384F800D40400 /* PBXTargetDependency */ = {
			isa = PBXTargetDependency;
			target = FE1EB7CE1CC384F800D40400 /* ObjectWatch Extension */;
			targetProxy = FE1EB7D11CC384F800D40400 /* PBXContainerItemProxy */;
		};
		FE1EB7E31CC384F800D40400 /* PBXTargetDependency */ = {
			isa = PBXTargetDependency;
			target = FE1EB7C21CC384F800D40400 /* ObjectWatch */;
			targetProxy = FE1EB7E21CC384F800D40400 /* PBXContainerItemProxy */;
		};
/* End PBXTargetDependency section */

/* Begin PBXVariantGroup section */
		FE11853B1CA37D680017CFEA /* Main.storyboard */ = {
			isa = PBXVariantGroup;
			children = (
				FE11853C1CA37D680017CFEA /* Base */,
			);
			name = Main.storyboard;
			sourceTree = "<group>";
		};
		FE1185401CA37D680017CFEA /* LaunchScreen.storyboard */ = {
			isa = PBXVariantGroup;
			children = (
				FE1185411CA37D680017CFEA /* Base */,
			);
			name = LaunchScreen.storyboard;
			sourceTree = "<group>";
		};
		FE1EB7C51CC384F800D40400 /* Interface.storyboard */ = {
			isa = PBXVariantGroup;
			children = (
				FE1EB7C61CC384F800D40400 /* Base */,
			);
			name = Interface.storyboard;
			sourceTree = "<group>";
		};
/* End PBXVariantGroup section */

/* Begin XCBuildConfiguration section */
		FE11855A1CA37D680017CFEA /* Debug */ = {
			isa = XCBuildConfiguration;
			buildSettings = {
				ALWAYS_SEARCH_USER_PATHS = NO;
				CLANG_CXX_LANGUAGE_STANDARD = "gnu++0x";
				CLANG_CXX_LIBRARY = "libc++";
				CLANG_ENABLE_MODULES = YES;
				CLANG_ENABLE_OBJC_ARC = YES;
				CLANG_WARN_BOOL_CONVERSION = YES;
				CLANG_WARN_CONSTANT_CONVERSION = YES;
				CLANG_WARN_DIRECT_OBJC_ISA_USAGE = YES_ERROR;
				CLANG_WARN_EMPTY_BODY = YES;
				CLANG_WARN_ENUM_CONVERSION = YES;
				CLANG_WARN_INT_CONVERSION = YES;
				CLANG_WARN_OBJC_ROOT_CLASS = YES_ERROR;
				CLANG_WARN_UNREACHABLE_CODE = YES;
				CLANG_WARN__DUPLICATE_METHOD_MATCH = YES;
				"CODE_SIGN_IDENTITY[sdk=iphoneos*]" = "iPhone Developer";
				COPY_PHASE_STRIP = NO;
				DEBUG_INFORMATION_FORMAT = dwarf;
				ENABLE_STRICT_OBJC_MSGSEND = YES;
				ENABLE_TESTABILITY = YES;
				GCC_C_LANGUAGE_STANDARD = gnu99;
				GCC_DYNAMIC_NO_PIC = NO;
				GCC_NO_COMMON_BLOCKS = YES;
				GCC_OPTIMIZATION_LEVEL = 0;
				GCC_PREPROCESSOR_DEFINITIONS = (
					"DEBUG=1",
					"$(inherited)",
				);
				GCC_WARN_64_TO_32_BIT_CONVERSION = YES;
				GCC_WARN_ABOUT_RETURN_TYPE = YES_ERROR;
				GCC_WARN_UNDECLARED_SELECTOR = YES;
				GCC_WARN_UNINITIALIZED_AUTOS = YES_AGGRESSIVE;
				GCC_WARN_UNUSED_FUNCTION = YES;
				GCC_WARN_UNUSED_VARIABLE = YES;
				IPHONEOS_DEPLOYMENT_TARGET = 9.2;
				MTL_ENABLE_DEBUG_INFO = YES;
				ONLY_ACTIVE_ARCH = YES;
				SDKROOT = iphoneos;
			};
			name = Debug;
		};
		FE11855B1CA37D680017CFEA /* Release */ = {
			isa = XCBuildConfiguration;
			buildSettings = {
				ALWAYS_SEARCH_USER_PATHS = NO;
				CLANG_CXX_LANGUAGE_STANDARD = "gnu++0x";
				CLANG_CXX_LIBRARY = "libc++";
				CLANG_ENABLE_MODULES = YES;
				CLANG_ENABLE_OBJC_ARC = YES;
				CLANG_WARN_BOOL_CONVERSION = YES;
				CLANG_WARN_CONSTANT_CONVERSION = YES;
				CLANG_WARN_DIRECT_OBJC_ISA_USAGE = YES_ERROR;
				CLANG_WARN_EMPTY_BODY = YES;
				CLANG_WARN_ENUM_CONVERSION = YES;
				CLANG_WARN_INT_CONVERSION = YES;
				CLANG_WARN_OBJC_ROOT_CLASS = YES_ERROR;
				CLANG_WARN_UNREACHABLE_CODE = YES;
				CLANG_WARN__DUPLICATE_METHOD_MATCH = YES;
				"CODE_SIGN_IDENTITY[sdk=iphoneos*]" = "iPhone Developer";
				COPY_PHASE_STRIP = NO;
				DEBUG_INFORMATION_FORMAT = "dwarf-with-dsym";
				ENABLE_NS_ASSERTIONS = NO;
				ENABLE_STRICT_OBJC_MSGSEND = YES;
				GCC_C_LANGUAGE_STANDARD = gnu99;
				GCC_NO_COMMON_BLOCKS = YES;
				GCC_WARN_64_TO_32_BIT_CONVERSION = YES;
				GCC_WARN_ABOUT_RETURN_TYPE = YES_ERROR;
				GCC_WARN_UNDECLARED_SELECTOR = YES;
				GCC_WARN_UNINITIALIZED_AUTOS = YES_AGGRESSIVE;
				GCC_WARN_UNUSED_FUNCTION = YES;
				GCC_WARN_UNUSED_VARIABLE = YES;
				IPHONEOS_DEPLOYMENT_TARGET = 9.2;
				MTL_ENABLE_DEBUG_INFO = NO;
				SDKROOT = iphoneos;
				VALIDATE_PRODUCT = YES;
			};
			name = Release;
		};
		FE11855D1CA37D680017CFEA /* Debug */ = {
			isa = XCBuildConfiguration;
			baseConfigurationReference = CCE176A33EA281EB4DCD5D88 /* Pods-ObjectCDemo.debug.xcconfig */;
			buildSettings = {
				ASSETCATALOG_COMPILER_APPICON_NAME = AppIcon;
				CLANG_ENABLE_MODULES = YES;
				CODE_SIGN_ENTITLEMENTS = ObjectCDemo/ObjectCDemo.entitlements;
				CODE_SIGN_IDENTITY = "iPhone Developer";
				DEVELOPMENT_TEAM = SXQPDBEYMH;
				INFOPLIST_FILE = ObjectCDemo/Info.plist;
				LD_RUNPATH_SEARCH_PATHS = "$(inherited) @executable_path/Frameworks";
				PRODUCT_BUNDLE_IDENTIFIER = com.chuangdianke.ObjectCDemo;
				PRODUCT_NAME = "$(TARGET_NAME)";
				SWIFT_OBJC_BRIDGING_HEADER = "ObjectCDemo/ObjectCDemo-Bridging-Header.h";
				SWIFT_OPTIMIZATION_LEVEL = "-Onone";
				SWIFT_VERSION = 3.0;
			};
			name = Debug;
		};
		FE11855E1CA37D680017CFEA /* Release */ = {
			isa = XCBuildConfiguration;
			baseConfigurationReference = F25C032C8AA32DEC50BEB247 /* Pods-ObjectCDemo.release.xcconfig */;
			buildSettings = {
				ASSETCATALOG_COMPILER_APPICON_NAME = AppIcon;
				CLANG_ENABLE_MODULES = YES;
				CODE_SIGN_ENTITLEMENTS = ObjectCDemo/ObjectCDemo.entitlements;
				CODE_SIGN_IDENTITY = "iPhone Distribution";
				DEVELOPMENT_TEAM = SXQPDBEYMH;
				INFOPLIST_FILE = ObjectCDemo/Info.plist;
				LD_RUNPATH_SEARCH_PATHS = "$(inherited) @executable_path/Frameworks";
				PRODUCT_BUNDLE_IDENTIFIER = com.chuangdianke.ObjectCDemo;
				PRODUCT_NAME = "$(TARGET_NAME)";
				SWIFT_OBJC_BRIDGING_HEADER = "ObjectCDemo/ObjectCDemo-Bridging-Header.h";
				SWIFT_VERSION = 3.0;
			};
			name = Release;
		};
		FE1185601CA37D680017CFEA /* Debug */ = {
			isa = XCBuildConfiguration;
			buildSettings = {
				BUNDLE_LOADER = "$(TEST_HOST)";
				INFOPLIST_FILE = ObjectCDemoTests/Info.plist;
				LD_RUNPATH_SEARCH_PATHS = "$(inherited) @executable_path/Frameworks @loader_path/Frameworks";
				PRODUCT_BUNDLE_IDENTIFIER = com.chuangdianke.ObjectCDemoTests;
				PRODUCT_NAME = "$(TARGET_NAME)";
				TEST_HOST = "$(BUILT_PRODUCTS_DIR)/ObjectCDemo.app/ObjectCDemo";
			};
			name = Debug;
		};
		FE1185611CA37D680017CFEA /* Release */ = {
			isa = XCBuildConfiguration;
			buildSettings = {
				BUNDLE_LOADER = "$(TEST_HOST)";
				INFOPLIST_FILE = ObjectCDemoTests/Info.plist;
				LD_RUNPATH_SEARCH_PATHS = "$(inherited) @executable_path/Frameworks @loader_path/Frameworks";
				PRODUCT_BUNDLE_IDENTIFIER = com.chuangdianke.ObjectCDemoTests;
				PRODUCT_NAME = "$(TARGET_NAME)";
				TEST_HOST = "$(BUILT_PRODUCTS_DIR)/ObjectCDemo.app/ObjectCDemo";
			};
			name = Release;
		};
		FE1185631CA37D680017CFEA /* Debug */ = {
			isa = XCBuildConfiguration;
			buildSettings = {
				INFOPLIST_FILE = ObjectCDemoUITests/Info.plist;
				LD_RUNPATH_SEARCH_PATHS = "$(inherited) @executable_path/Frameworks @loader_path/Frameworks";
				PRODUCT_BUNDLE_IDENTIFIER = com.chuangdianke.ObjectCDemoUITests;
				PRODUCT_NAME = "$(TARGET_NAME)";
				TEST_TARGET_NAME = ObjectCDemo;
				USES_XCTRUNNER = YES;
			};
			name = Debug;
		};
		FE1185641CA37D680017CFEA /* Release */ = {
			isa = XCBuildConfiguration;
			buildSettings = {
				INFOPLIST_FILE = ObjectCDemoUITests/Info.plist;
				LD_RUNPATH_SEARCH_PATHS = "$(inherited) @executable_path/Frameworks @loader_path/Frameworks";
				PRODUCT_BUNDLE_IDENTIFIER = com.chuangdianke.ObjectCDemoUITests;
				PRODUCT_NAME = "$(TARGET_NAME)";
				TEST_TARGET_NAME = ObjectCDemo;
				USES_XCTRUNNER = YES;
			};
			name = Release;
		};
		FE1EB7E51CC384F800D40400 /* Debug */ = {
			isa = XCBuildConfiguration;
			buildSettings = {
				ASSETCATALOG_COMPILER_APPICON_NAME = AppIcon;
				CLANG_ANALYZER_NONNULL = YES;
				IBSC_MODULE = ObjectWatch_Extension;
				INFOPLIST_FILE = ObjectWatch/Info.plist;
				PRODUCT_BUNDLE_IDENTIFIER = com.chuangdianke.ObjectCDemo.watchkitapp;
				PRODUCT_NAME = "$(TARGET_NAME)";
				SDKROOT = watchos;
				SKIP_INSTALL = YES;
				TARGETED_DEVICE_FAMILY = 4;
				WATCHOS_DEPLOYMENT_TARGET = 2.2;
			};
			name = Debug;
		};
		FE1EB7E61CC384F800D40400 /* Release */ = {
			isa = XCBuildConfiguration;
			buildSettings = {
				ASSETCATALOG_COMPILER_APPICON_NAME = AppIcon;
				CLANG_ANALYZER_NONNULL = YES;
				IBSC_MODULE = ObjectWatch_Extension;
				INFOPLIST_FILE = ObjectWatch/Info.plist;
				PRODUCT_BUNDLE_IDENTIFIER = com.chuangdianke.ObjectCDemo.watchkitapp;
				PRODUCT_NAME = "$(TARGET_NAME)";
				SDKROOT = watchos;
				SKIP_INSTALL = YES;
				TARGETED_DEVICE_FAMILY = 4;
				WATCHOS_DEPLOYMENT_TARGET = 2.2;
			};
			name = Release;
		};
		FE1EB7E71CC384F800D40400 /* Debug */ = {
			isa = XCBuildConfiguration;
			buildSettings = {
				CLANG_ANALYZER_NONNULL = YES;
				INFOPLIST_FILE = "ObjectWatch Extension/Info.plist";
				LD_RUNPATH_SEARCH_PATHS = "$(inherited) @executable_path/Frameworks @executable_path/../../Frameworks";
				PRODUCT_BUNDLE_IDENTIFIER = com.chuangdianke.ObjectCDemo.watchkitapp.watchkitextension;
				PRODUCT_NAME = "${TARGET_NAME}";
				SDKROOT = watchos;
				SKIP_INSTALL = YES;
				TARGETED_DEVICE_FAMILY = 4;
				WATCHOS_DEPLOYMENT_TARGET = 2.2;
			};
			name = Debug;
		};
		FE1EB7E81CC384F800D40400 /* Release */ = {
			isa = XCBuildConfiguration;
			buildSettings = {
				CLANG_ANALYZER_NONNULL = YES;
				INFOPLIST_FILE = "ObjectWatch Extension/Info.plist";
				LD_RUNPATH_SEARCH_PATHS = "$(inherited) @executable_path/Frameworks @executable_path/../../Frameworks";
				PRODUCT_BUNDLE_IDENTIFIER = com.chuangdianke.ObjectCDemo.watchkitapp.watchkitextension;
				PRODUCT_NAME = "${TARGET_NAME}";
				SDKROOT = watchos;
				SKIP_INSTALL = YES;
				TARGETED_DEVICE_FAMILY = 4;
				WATCHOS_DEPLOYMENT_TARGET = 2.2;
			};
			name = Release;
		};
/* End XCBuildConfiguration section */

/* Begin XCConfigurationList section */
		FE1185271CA37D680017CFEA /* Build configuration list for PBXProject "ObjectCDemo" */ = {
			isa = XCConfigurationList;
			buildConfigurations = (
				FE11855A1CA37D680017CFEA /* Debug */,
				FE11855B1CA37D680017CFEA /* Release */,
			);
			defaultConfigurationIsVisible = 0;
			defaultConfigurationName = Release;
		};
		FE11855C1CA37D680017CFEA /* Build configuration list for PBXNativeTarget "ObjectCDemo" */ = {
			isa = XCConfigurationList;
			buildConfigurations = (
				FE11855D1CA37D680017CFEA /* Debug */,
				FE11855E1CA37D680017CFEA /* Release */,
			);
			defaultConfigurationIsVisible = 0;
			defaultConfigurationName = Release;
		};
		FE11855F1CA37D680017CFEA /* Build configuration list for PBXNativeTarget "ObjectCDemoTests" */ = {
			isa = XCConfigurationList;
			buildConfigurations = (
				FE1185601CA37D680017CFEA /* Debug */,
				FE1185611CA37D680017CFEA /* Release */,
			);
			defaultConfigurationIsVisible = 0;
			defaultConfigurationName = Release;
		};
		FE1185621CA37D680017CFEA /* Build configuration list for PBXNativeTarget "ObjectCDemoUITests" */ = {
			isa = XCConfigurationList;
			buildConfigurations = (
				FE1185631CA37D680017CFEA /* Debug */,
				FE1185641CA37D680017CFEA /* Release */,
			);
			defaultConfigurationIsVisible = 0;
			defaultConfigurationName = Release;
		};
		FE1EB7E91CC384F800D40400 /* Build configuration list for PBXNativeTarget "ObjectWatch Extension" */ = {
			isa = XCConfigurationList;
			buildConfigurations = (
				FE1EB7E71CC384F800D40400 /* Debug */,
				FE1EB7E81CC384F800D40400 /* Release */,
			);
			defaultConfigurationIsVisible = 0;
			defaultConfigurationName = Release;
		};
		FE1EB7EB1CC384F800D40400 /* Build configuration list for PBXNativeTarget "ObjectWatch" */ = {
			isa = XCConfigurationList;
			buildConfigurations = (
				FE1EB7E51CC384F800D40400 /* Debug */,
				FE1EB7E61CC384F800D40400 /* Release */,
			);
			defaultConfigurationIsVisible = 0;
			defaultConfigurationName = Release;
		};
/* End XCConfigurationList section */

/* Begin XCVersionGroup section */
		FE5D30621D5343E700E7C44F /* Model.xcdatamodeld */ = {
			isa = XCVersionGroup;
			children = (
				FE5D30631D5343E700E7C44F /* Model.xcdatamodel */,
			);
			currentVersion = FE5D30631D5343E700E7C44F /* Model.xcdatamodel */;
			name = Model.xcdatamodeld;
			path = ../Model.xcdatamodeld;
			sourceTree = "<group>";
			versionGroupType = wrapper.xcdatamodel;
		};
/* End XCVersionGroup section */
	};
	rootObject = FE1185241CA37D680017CFEA /* Project object */;
}
