// !$*UTF8*$!
{
	archiveVersion = 1;
	classes = {
	};
	objectVersion = 46;
	objects = {

/* Begin PBXBuildFile section */
		9A2243D74E8BCDF649C5F454 /* Pods_ObjectCDemo.framework in Frameworks */ = {isa = PBXBuildFile; fileRef = 93E3E053ACC7BC101A8C1D8D /* Pods_ObjectCDemo.framework */; };
		FE0039751D1123AB007294BB /* AlgorithmViewController.m in Sources */ = {isa = PBXBuildFile; fileRef = FE0039741D1123AB007294BB /* AlgorithmViewController.m */; };
		FE0039791D11274B007294BB /* ThreadViewController.m in Sources */ = {isa = PBXBuildFile; fileRef = FE0039781D11274B007294BB /* ThreadViewController.m */; };
		FE0E2A961D06AF6400F49470 /* ImageTextViewController.m in Sources */ = {isa = PBXBuildFile; fileRef = FE0E2A951D06AF6400F49470 /* ImageTextViewController.m */; };
		FE1185311CA37D680017CFEA /* main.m in Sources */ = {isa = PBXBuildFile; fileRef = FE1185301CA37D680017CFEA /* main.m */; };
		FE1185341CA37D680017CFEA /* AppDelegate.m in Sources */ = {isa = PBXBuildFile; fileRef = FE1185331CA37D680017CFEA /* AppDelegate.m */; };
		FE1185371CA37D680017CFEA /* FirstViewController.m in Sources */ = {isa = PBXBuildFile; fileRef = FE1185361CA37D680017CFEA /* FirstViewController.m */; };
		FE11853A1CA37D680017CFEA /* SecondViewController.m in Sources */ = {isa = PBXBuildFile; fileRef = FE1185391CA37D680017CFEA /* SecondViewController.m */; };
		FE11853D1CA37D680017CFEA /* Main.storyboard in Resources */ = {isa = PBXBuildFile; fileRef = FE11853B1CA37D680017CFEA /* Main.storyboard */; };
		FE11853F1CA37D680017CFEA /* Assets.xcassets in Resources */ = {isa = PBXBuildFile; fileRef = FE11853E1CA37D680017CFEA /* Assets.xcassets */; };
		FE1185421CA37D680017CFEA /* LaunchScreen.storyboard in Resources */ = {isa = PBXBuildFile; fileRef = FE1185401CA37D680017CFEA /* LaunchScreen.storyboard */; };
		FE11854D1CA37D680017CFEA /* ObjectCDemoTests.m in Sources */ = {isa = PBXBuildFile; fileRef = FE11854C1CA37D680017CFEA /* ObjectCDemoTests.m */; };
		FE1185581CA37D680017CFEA /* ObjectCDemoUITests.m in Sources */ = {isa = PBXBuildFile; fileRef = FE1185571CA37D680017CFEA /* ObjectCDemoUITests.m */; };
		FE11856E1CA37E6F0017CFEA /* MainTableViewController.m in Sources */ = {isa = PBXBuildFile; fileRef = FE11856C1CA37E6F0017CFEA /* MainTableViewController.m */; };
		FE1185721CA37EB40017CFEA /* LastTableViewController.m in Sources */ = {isa = PBXBuildFile; fileRef = FE1185711CA37EB40017CFEA /* LastTableViewController.m */; };
		FE1185751CA37F300017CFEA /* RunTimeViewController.m in Sources */ = {isa = PBXBuildFile; fileRef = FE1185741CA37F300017CFEA /* RunTimeViewController.m */; };
		FE1185801CA3CABD0017CFEA /* XWindow.m in Sources */ = {isa = PBXBuildFile; fileRef = FE11857F1CA3CABD0017CFEA /* XWindow.m */; };
		FE17AC701D13E75A00CD3AA5 /* RunLoopViewController.m in Sources */ = {isa = PBXBuildFile; fileRef = FE17AC6F1D13E75A00CD3AA5 /* RunLoopViewController.m */; };
		FE1DB0301CF2A1560061B5B2 /* xRefresh.m in Sources */ = {isa = PBXBuildFile; fileRef = FE1DB02F1CF2A1560061B5B2 /* xRefresh.m */; };
		FE1EB7C71CC384F800D40400 /* Interface.storyboard in Resources */ = {isa = PBXBuildFile; fileRef = FE1EB7C51CC384F800D40400 /* Interface.storyboard */; };
		FE1EB7C91CC384F800D40400 /* Assets.xcassets in Resources */ = {isa = PBXBuildFile; fileRef = FE1EB7C81CC384F800D40400 /* Assets.xcassets */; };
		FE1EB7D01CC384F800D40400 /* ObjectWatch Extension.appex in Embed App Extensions */ = {isa = PBXBuildFile; fileRef = FE1EB7CF1CC384F800D40400 /* ObjectWatch Extension.appex */; settings = {ATTRIBUTES = (RemoveHeadersOnCopy, ); }; };
		FE1EB7D81CC384F800D40400 /* InterfaceController.m in Sources */ = {isa = PBXBuildFile; fileRef = FE1EB7D71CC384F800D40400 /* InterfaceController.m */; };
		FE1EB7DB1CC384F800D40400 /* ExtensionDelegate.m in Sources */ = {isa = PBXBuildFile; fileRef = FE1EB7DA1CC384F800D40400 /* ExtensionDelegate.m */; };
		FE1EB7DE1CC384F800D40400 /* NotificationController.m in Sources */ = {isa = PBXBuildFile; fileRef = FE1EB7DD1CC384F800D40400 /* NotificationController.m */; };
		FE1EB7E01CC384F800D40400 /* Assets.xcassets in Resources */ = {isa = PBXBuildFile; fileRef = FE1EB7DF1CC384F800D40400 /* Assets.xcassets */; };
		FE1EB7E41CC384F800D40400 /* ObjectWatch.app in Embed Watch Content */ = {isa = PBXBuildFile; fileRef = FE1EB7C31CC384F800D40400 /* ObjectWatch.app */; };
		FE1EB7EF1CC497EC00D40400 /* XTabBarViewController.m in Sources */ = {isa = PBXBuildFile; fileRef = FE1EB7EE1CC497EC00D40400 /* XTabBarViewController.m */; };
		FE288EE01CE2E98B008330E3 /* API.thrift in Resources */ = {isa = PBXBuildFile; fileRef = FE288EDE1CE2E98B008330E3 /* API.thrift */; };
		FE288EE31CE2EA07008330E3 /* ThriftManger.m in Sources */ = {isa = PBXBuildFile; fileRef = FE288EE21CE2EA07008330E3 /* ThriftManger.m */; };
		FE58F5A41CB3B6120045C324 /* RunD.m in Sources */ = {isa = PBXBuildFile; fileRef = FE58F5A31CB3B6120045C324 /* RunD.m */; };
		FEB99B051CF86BF6007B039F /* TextViewController.m in Sources */ = {isa = PBXBuildFile; fileRef = FEB99B041CF86BF6007B039F /* TextViewController.m */; };
		FEC09DD31CCA687B00C320FC /* CycleViewController.m in Sources */ = {isa = PBXBuildFile; fileRef = FEC09DD21CCA687B00C320FC /* CycleViewController.m */; };
		FEC09DD71CCB24F700C320FC /* BlockViewController.m in Sources */ = {isa = PBXBuildFile; fileRef = FEC09DD61CCB24F700C320FC /* BlockViewController.m */; };
		FEEA49BA1CC66B040093ADBF /* KvokvcViewController.m in Sources */ = {isa = PBXBuildFile; fileRef = FEEA49B81CC66B040093ADBF /* KvokvcViewController.m */; };
		FEEA49BB1CC66B040093ADBF /* KvokvcViewController.xib in Resources */ = {isa = PBXBuildFile; fileRef = FEEA49B91CC66B040093ADBF /* KvokvcViewController.xib */; };
		FEEA49BF1CC861B90093ADBF /* XView.m in Sources */ = {isa = PBXBuildFile; fileRef = FEEA49BE1CC861B90093ADBF /* XView.m */; };
		FEEB27EE1CE0798C00E79568 /* UIDatePickerViewController.m in Sources */ = {isa = PBXBuildFile; fileRef = FEEB27ED1CE0798C00E79568 /* UIDatePickerViewController.m */; };
		FEFA76391CF01D28004CF2C3 /* API.m in Sources */ = {isa = PBXBuildFile; fileRef = FEFA76381CF01D28004CF2C3 /* API.m */; };
/* End PBXBuildFile section */

/* Begin PBXContainerItemProxy section */
		FE1185491CA37D680017CFEA /* PBXContainerItemProxy */ = {
			isa = PBXContainerItemProxy;
			containerPortal = FE1185241CA37D680017CFEA /* Project object */;
			proxyType = 1;
			remoteGlobalIDString = FE11852B1CA37D680017CFEA;
			remoteInfo = ObjectCDemo;
		};
		FE1185541CA37D680017CFEA /* PBXContainerItemProxy */ = {
			isa = PBXContainerItemProxy;
			containerPortal = FE1185241CA37D680017CFEA /* Project object */;
			proxyType = 1;
			remoteGlobalIDString = FE11852B1CA37D680017CFEA;
			remoteInfo = ObjectCDemo;
		};
		FE1EB7D11CC384F800D40400 /* PBXContainerItemProxy */ = {
			isa = PBXContainerItemProxy;
			containerPortal = FE1185241CA37D680017CFEA /* Project object */;
			proxyType = 1;
			remoteGlobalIDString = FE1EB7CE1CC384F800D40400;
			remoteInfo = "ObjectWatch Extension";
		};
		FE1EB7E21CC384F800D40400 /* PBXContainerItemProxy */ = {
			isa = PBXContainerItemProxy;
			containerPortal = FE1185241CA37D680017CFEA /* Project object */;
			proxyType = 1;
			remoteGlobalIDString = FE1EB7C21CC384F800D40400;
			remoteInfo = ObjectWatch;
		};
/* End PBXContainerItemProxy section */

/* Begin PBXCopyFilesBuildPhase section */
		FE1EB7EA1CC384F800D40400 /* Embed App Extensions */ = {
			isa = PBXCopyFilesBuildPhase;
			buildActionMask = 2147483647;
			dstPath = "";
			dstSubfolderSpec = 13;
			files = (
				FE1EB7D01CC384F800D40400 /* ObjectWatch Extension.appex in Embed App Extensions */,
			);
			name = "Embed App Extensions";
			runOnlyForDeploymentPostprocessing = 0;
		};
		FE1EB7EC1CC384F800D40400 /* Embed Watch Content */ = {
			isa = PBXCopyFilesBuildPhase;
			buildActionMask = 2147483647;
			dstPath = "$(CONTENTS_FOLDER_PATH)/Watch";
			dstSubfolderSpec = 16;
			files = (
				FE1EB7E41CC384F800D40400 /* ObjectWatch.app in Embed Watch Content */,
			);
			name = "Embed Watch Content";
			runOnlyForDeploymentPostprocessing = 0;
		};
/* End PBXCopyFilesBuildPhase section */

/* Begin PBXFileReference section */
		93E3E053ACC7BC101A8C1D8D /* Pods_ObjectCDemo.framework */ = {isa = PBXFileReference; explicitFileType = wrapper.framework; includeInIndex = 0; path = Pods_ObjectCDemo.framework; sourceTree = BUILT_PRODUCTS_DIR; };
		CCE176A33EA281EB4DCD5D88 /* Pods-ObjectCDemo.debug.xcconfig */ = {isa = PBXFileReference; includeInIndex = 1; lastKnownFileType = text.xcconfig; name = "Pods-ObjectCDemo.debug.xcconfig"; path = "Pods/Target Support Files/Pods-ObjectCDemo/Pods-ObjectCDemo.debug.xcconfig"; sourceTree = "<group>"; };
		F25C032C8AA32DEC50BEB247 /* Pods-ObjectCDemo.release.xcconfig */ = {isa = PBXFileReference; includeInIndex = 1; lastKnownFileType = text.xcconfig; name = "Pods-ObjectCDemo.release.xcconfig"; path = "Pods/Target Support Files/Pods-ObjectCDemo/Pods-ObjectCDemo.release.xcconfig"; sourceTree = "<group>"; };
		FE0039731D1123AB007294BB /* AlgorithmViewController.h */ = {isa = PBXFileReference; fileEncoding = 4; lastKnownFileType = sourcecode.c.h; path = AlgorithmViewController.h; sourceTree = "<group>"; };
		FE0039741D1123AB007294BB /* AlgorithmViewController.m */ = {isa = PBXFileReference; fileEncoding = 4; lastKnownFileType = sourcecode.c.objc; path = AlgorithmViewController.m; sourceTree = "<group>"; };
		FE0039771D11274B007294BB /* ThreadViewController.h */ = {isa = PBXFileReference; fileEncoding = 4; lastKnownFileType = sourcecode.c.h; path = ThreadViewController.h; sourceTree = "<group>"; };
		FE0039781D11274B007294BB /* ThreadViewController.m */ = {isa = PBXFileReference; fileEncoding = 4; lastKnownFileType = sourcecode.c.objc; path = ThreadViewController.m; sourceTree = "<group>"; };
		FE0E2A941D06AF6400F49470 /* ImageTextViewController.h */ = {isa = PBXFileReference; fileEncoding = 4; lastKnownFileType = sourcecode.c.h; path = ImageTextViewController.h; sourceTree = "<group>"; };
		FE0E2A951D06AF6400F49470 /* ImageTextViewController.m */ = {isa = PBXFileReference; fileEncoding = 4; lastKnownFileType = sourcecode.c.objc; path = ImageTextViewController.m; sourceTree = "<group>"; };
		FE11852C1CA37D680017CFEA /* ObjectCDemo.app */ = {isa = PBXFileReference; explicitFileType = wrapper.application; includeInIndex = 0; path = ObjectCDemo.app; sourceTree = BUILT_PRODUCTS_DIR; };
		FE1185301CA37D680017CFEA /* main.m */ = {isa = PBXFileReference; lastKnownFileType = sourcecode.c.objc; path = main.m; sourceTree = "<group>"; };
		FE1185321CA37D680017CFEA /* AppDelegate.h */ = {isa = PBXFileReference; lastKnownFileType = sourcecode.c.h; path = AppDelegate.h; sourceTree = "<group>"; };
		FE1185331CA37D680017CFEA /* AppDelegate.m */ = {isa = PBXFileReference; lastKnownFileType = sourcecode.c.objc; path = AppDelegate.m; sourceTree = "<group>"; };
		FE1185351CA37D680017CFEA /* FirstViewController.h */ = {isa = PBXFileReference; lastKnownFileType = sourcecode.c.h; path = FirstViewController.h; sourceTree = "<group>"; };
		FE1185361CA37D680017CFEA /* FirstViewController.m */ = {isa = PBXFileReference; lastKnownFileType = sourcecode.c.objc; path = FirstViewController.m; sourceTree = "<group>"; };
		FE1185381CA37D680017CFEA /* SecondViewController.h */ = {isa = PBXFileReference; lastKnownFileType = sourcecode.c.h; path = SecondViewController.h; sourceTree = "<group>"; };
		FE1185391CA37D680017CFEA /* SecondViewController.m */ = {isa = PBXFileReference; lastKnownFileType = sourcecode.c.objc; path = SecondViewController.m; sourceTree = "<group>"; };
		FE11853C1CA37D680017CFEA /* Base */ = {isa = PBXFileReference; lastKnownFileType = file.storyboard; name = Base; path = Base.lproj/Main.storyboard; sourceTree = "<group>"; };
		FE11853E1CA37D680017CFEA /* Assets.xcassets */ = {isa = PBXFileReference; lastKnownFileType = folder.assetcatalog; path = Assets.xcassets; sourceTree = "<group>"; };
		FE1185411CA37D680017CFEA /* Base */ = {isa = PBXFileReference; lastKnownFileType = file.storyboard; name = Base; path = Base.lproj/LaunchScreen.storyboard; sourceTree = "<group>"; };
		FE1185431CA37D680017CFEA /* Info.plist */ = {isa = PBXFileReference; lastKnownFileType = text.plist.xml; path = Info.plist; sourceTree = "<group>"; };
		FE1185481CA37D680017CFEA /* ObjectCDemoTests.xctest */ = {isa = PBXFileReference; explicitFileType = wrapper.cfbundle; includeInIndex = 0; path = ObjectCDemoTests.xctest; sourceTree = BUILT_PRODUCTS_DIR; };
		FE11854C1CA37D680017CFEA /* ObjectCDemoTests.m */ = {isa = PBXFileReference; lastKnownFileType = sourcecode.c.objc; path = ObjectCDemoTests.m; sourceTree = "<group>"; };
		FE11854E1CA37D680017CFEA /* Info.plist */ = {isa = PBXFileReference; lastKnownFileType = text.plist.xml; path = Info.plist; sourceTree = "<group>"; };
		FE1185531CA37D680017CFEA /* ObjectCDemoUITests.xctest */ = {isa = PBXFileReference; explicitFileType = wrapper.cfbundle; includeInIndex = 0; path = ObjectCDemoUITests.xctest; sourceTree = BUILT_PRODUCTS_DIR; };
		FE1185571CA37D680017CFEA /* ObjectCDemoUITests.m */ = {isa = PBXFileReference; lastKnownFileType = sourcecode.c.objc; path = ObjectCDemoUITests.m; sourceTree = "<group>"; };
		FE1185591CA37D680017CFEA /* Info.plist */ = {isa = PBXFileReference; lastKnownFileType = text.plist.xml; path = Info.plist; sourceTree = "<group>"; };
		FE11856B1CA37E6F0017CFEA /* MainTableViewController.h */ = {isa = PBXFileReference; fileEncoding = 4; lastKnownFileType = sourcecode.c.h; path = MainTableViewController.h; sourceTree = "<group>"; };
		FE11856C1CA37E6F0017CFEA /* MainTableViewController.m */ = {isa = PBXFileReference; fileEncoding = 4; lastKnownFileType = sourcecode.c.objc; path = MainTableViewController.m; sourceTree = "<group>"; };
		FE1185701CA37EB40017CFEA /* LastTableViewController.h */ = {isa = PBXFileReference; fileEncoding = 4; lastKnownFileType = sourcecode.c.h; path = LastTableViewController.h; sourceTree = "<group>"; };
		FE1185711CA37EB40017CFEA /* LastTableViewController.m */ = {isa = PBXFileReference; fileEncoding = 4; lastKnownFileType = sourcecode.c.objc; path = LastTableViewController.m; sourceTree = "<group>"; };
		FE1185731CA37F300017CFEA /* RunTimeViewController.h */ = {isa = PBXFileReference; fileEncoding = 4; lastKnownFileType = sourcecode.c.h; path = RunTimeViewController.h; sourceTree = "<group>"; };
		FE1185741CA37F300017CFEA /* RunTimeViewController.m */ = {isa = PBXFileReference; fileEncoding = 4; lastKnownFileType = sourcecode.c.objc; path = RunTimeViewController.m; sourceTree = "<group>"; };
		FE11857E1CA3CABD0017CFEA /* XWindow.h */ = {isa = PBXFileReference; fileEncoding = 4; lastKnownFileType = sourcecode.c.h; path = XWindow.h; sourceTree = "<group>"; };
		FE11857F1CA3CABD0017CFEA /* XWindow.m */ = {isa = PBXFileReference; fileEncoding = 4; lastKnownFileType = sourcecode.c.objc; path = XWindow.m; sourceTree = "<group>"; };
		FE17AC6E1D13E75A00CD3AA5 /* RunLoopViewController.h */ = {isa = PBXFileReference; fileEncoding = 4; lastKnownFileType = sourcecode.c.h; path = RunLoopViewController.h; sourceTree = "<group>"; };
		FE17AC6F1D13E75A00CD3AA5 /* RunLoopViewController.m */ = {isa = PBXFileReference; fileEncoding = 4; lastKnownFileType = sourcecode.c.objc; path = RunLoopViewController.m; sourceTree = "<group>"; };
		FE1DB02E1CF2A1560061B5B2 /* xRefresh.h */ = {isa = PBXFileReference; fileEncoding = 4; lastKnownFileType = sourcecode.c.h; path = xRefresh.h; sourceTree = "<group>"; };
		FE1DB02F1CF2A1560061B5B2 /* xRefresh.m */ = {isa = PBXFileReference; fileEncoding = 4; lastKnownFileType = sourcecode.c.objc; path = xRefresh.m; sourceTree = "<group>"; };
		FE1EB7C31CC384F800D40400 /* ObjectWatch.app */ = {isa = PBXFileReference; explicitFileType = wrapper.application; includeInIndex = 0; path = ObjectWatch.app; sourceTree = BUILT_PRODUCTS_DIR; };
		FE1EB7C61CC384F800D40400 /* Base */ = {isa = PBXFileReference; lastKnownFileType = file.storyboard; name = Base; path = Base.lproj/Interface.storyboard; sourceTree = "<group>"; };
		FE1EB7C81CC384F800D40400 /* Assets.xcassets */ = {isa = PBXFileReference; lastKnownFileType = folder.assetcatalog; path = Assets.xcassets; sourceTree = "<group>"; };
		FE1EB7CA1CC384F800D40400 /* Info.plist */ = {isa = PBXFileReference; lastKnownFileType = text.plist.xml; path = Info.plist; sourceTree = "<group>"; };
		FE1EB7CF1CC384F800D40400 /* ObjectWatch Extension.appex */ = {isa = PBXFileReference; explicitFileType = "wrapper.app-extension"; includeInIndex = 0; path = "ObjectWatch Extension.appex"; sourceTree = BUILT_PRODUCTS_DIR; };
		FE1EB7D51CC384F800D40400 /* PushNotificationPayload.apns */ = {isa = PBXFileReference; lastKnownFileType = text; path = PushNotificationPayload.apns; sourceTree = "<group>"; };
		FE1EB7D61CC384F800D40400 /* InterfaceController.h */ = {isa = PBXFileReference; lastKnownFileType = sourcecode.c.h; path = InterfaceController.h; sourceTree = "<group>"; };
		FE1EB7D71CC384F800D40400 /* InterfaceController.m */ = {isa = PBXFileReference; lastKnownFileType = sourcecode.c.objc; path = InterfaceController.m; sourceTree = "<group>"; };
		FE1EB7D91CC384F800D40400 /* ExtensionDelegate.h */ = {isa = PBXFileReference; lastKnownFileType = sourcecode.c.h; path = ExtensionDelegate.h; sourceTree = "<group>"; };
		FE1EB7DA1CC384F800D40400 /* ExtensionDelegate.m */ = {isa = PBXFileReference; lastKnownFileType = sourcecode.c.objc; path = ExtensionDelegate.m; sourceTree = "<group>"; };
		FE1EB7DC1CC384F800D40400 /* NotificationController.h */ = {isa = PBXFileReference; lastKnownFileType = sourcecode.c.h; path = NotificationController.h; sourceTree = "<group>"; };
		FE1EB7DD1CC384F800D40400 /* NotificationController.m */ = {isa = PBXFileReference; lastKnownFileType = sourcecode.c.objc; path = NotificationController.m; sourceTree = "<group>"; };
		FE1EB7DF1CC384F800D40400 /* Assets.xcassets */ = {isa = PBXFileReference; lastKnownFileType = folder.assetcatalog; path = Assets.xcassets; sourceTree = "<group>"; };
		FE1EB7E11CC384F800D40400 /* Info.plist */ = {isa = PBXFileReference; lastKnownFileType = text.plist.xml; path = Info.plist; sourceTree = "<group>"; };
		FE1EB7ED1CC497EC00D40400 /* XTabBarViewController.h */ = {isa = PBXFileReference; fileEncoding = 4; lastKnownFileType = sourcecode.c.h; path = XTabBarViewController.h; sourceTree = "<group>"; };
		FE1EB7EE1CC497EC00D40400 /* XTabBarViewController.m */ = {isa = PBXFileReference; fileEncoding = 4; lastKnownFileType = sourcecode.c.objc; path = XTabBarViewController.m; sourceTree = "<group>"; };
		FE288EDE1CE2E98B008330E3 /* API.thrift */ = {isa = PBXFileReference; fileEncoding = 4; lastKnownFileType = text; path = API.thrift; sourceTree = "<group>"; };
		FE288EE11CE2EA07008330E3 /* ThriftManger.h */ = {isa = PBXFileReference; fileEncoding = 4; lastKnownFileType = sourcecode.c.h; path = ThriftManger.h; sourceTree = "<group>"; };
		FE288EE21CE2EA07008330E3 /* ThriftManger.m */ = {isa = PBXFileReference; fileEncoding = 4; lastKnownFileType = sourcecode.c.objc; path = ThriftManger.m; sourceTree = "<group>"; };
		FE58F5A21CB3B6120045C324 /* RunD.h */ = {isa = PBXFileReference; fileEncoding = 4; lastKnownFileType = sourcecode.c.h; path = RunD.h; sourceTree = "<group>"; };
		FE58F5A31CB3B6120045C324 /* RunD.m */ = {isa = PBXFileReference; fileEncoding = 4; lastKnownFileType = sourcecode.c.objc; path = RunD.m; sourceTree = "<group>"; };
		FEB99B031CF86BF6007B039F /* TextViewController.h */ = {isa = PBXFileReference; fileEncoding = 4; lastKnownFileType = sourcecode.c.h; path = TextViewController.h; sourceTree = "<group>"; };
		FEB99B041CF86BF6007B039F /* TextViewController.m */ = {isa = PBXFileReference; fileEncoding = 4; lastKnownFileType = sourcecode.c.objc; path = TextViewController.m; sourceTree = "<group>"; };
		FEC09DD11CCA687B00C320FC /* CycleViewController.h */ = {isa = PBXFileReference; fileEncoding = 4; lastKnownFileType = sourcecode.c.h; path = CycleViewController.h; sourceTree = "<group>"; };
		FEC09DD21CCA687B00C320FC /* CycleViewController.m */ = {isa = PBXFileReference; fileEncoding = 4; lastKnownFileType = sourcecode.c.objc; path = CycleViewController.m; sourceTree = "<group>"; };
		FEC09DD51CCB24F700C320FC /* BlockViewController.h */ = {isa = PBXFileReference; fileEncoding = 4; lastKnownFileType = sourcecode.c.h; path = BlockViewController.h; sourceTree = "<group>"; };
		FEC09DD61CCB24F700C320FC /* BlockViewController.m */ = {isa = PBXFileReference; fileEncoding = 4; lastKnownFileType = sourcecode.c.objc; path = BlockViewController.m; sourceTree = "<group>"; };
		FEEA49B71CC66B040093ADBF /* KvokvcViewController.h */ = {isa = PBXFileReference; fileEncoding = 4; lastKnownFileType = sourcecode.c.h; path = KvokvcViewController.h; sourceTree = "<group>"; };
		FEEA49B81CC66B040093ADBF /* KvokvcViewController.m */ = {isa = PBXFileReference; fileEncoding = 4; lastKnownFileType = sourcecode.c.objc; path = KvokvcViewController.m; sourceTree = "<group>"; };
		FEEA49B91CC66B040093ADBF /* KvokvcViewController.xib */ = {isa = PBXFileReference; fileEncoding = 4; lastKnownFileType = file.xib; path = KvokvcViewController.xib; sourceTree = "<group>"; };
		FEEA49BD1CC861B90093ADBF /* XView.h */ = {isa = PBXFileReference; fileEncoding = 4; lastKnownFileType = sourcecode.c.h; path = XView.h; sourceTree = "<group>"; };
		FEEA49BE1CC861B90093ADBF /* XView.m */ = {isa = PBXFileReference; fileEncoding = 4; lastKnownFileType = sourcecode.c.objc; path = XView.m; sourceTree = "<group>"; };
		FEEB27EC1CE0798C00E79568 /* UIDatePickerViewController.h */ = {isa = PBXFileReference; fileEncoding = 4; lastKnownFileType = sourcecode.c.h; path = UIDatePickerViewController.h; sourceTree = "<group>"; };
		FEEB27ED1CE0798C00E79568 /* UIDatePickerViewController.m */ = {isa = PBXFileReference; fileEncoding = 4; lastKnownFileType = sourcecode.c.objc; path = UIDatePickerViewController.m; sourceTree = "<group>"; };
		FEFA76371CF01D28004CF2C3 /* API.h */ = {isa = PBXFileReference; fileEncoding = 4; lastKnownFileType = sourcecode.c.h; path = API.h; sourceTree = "<group>"; };
		FEFA76381CF01D28004CF2C3 /* API.m */ = {isa = PBXFileReference; fileEncoding = 4; lastKnownFileType = sourcecode.c.objc; path = API.m; sourceTree = "<group>"; };
/* End PBXFileReference section */

/* Begin PBXFrameworksBuildPhase section */
		0EBA247B13A249F907ECA66C /* Frameworks */ = {
			isa = PBXFrameworksBuildPhase;
			buildActionMask = 2147483647;
			files = (
			);
			runOnlyForDeploymentPostprocessing = 0;
		};
		FE1185291CA37D680017CFEA /* Frameworks */ = {
			isa = PBXFrameworksBuildPhase;
			buildActionMask = 2147483647;
			files = (
				9A2243D74E8BCDF649C5F454 /* Pods_ObjectCDemo.framework in Frameworks */,
			);
			runOnlyForDeploymentPostprocessing = 0;
		};
		FE1185451CA37D680017CFEA /* Frameworks */ = {
			isa = PBXFrameworksBuildPhase;
			buildActionMask = 2147483647;
			files = (
			);
			runOnlyForDeploymentPostprocessing = 0;
		};
		FE1185501CA37D680017CFEA /* Frameworks */ = {
			isa = PBXFrameworksBuildPhase;
			buildActionMask = 2147483647;
			files = (
			);
			runOnlyForDeploymentPostprocessing = 0;
		};
		FE1EB7CC1CC384F800D40400 /* Frameworks */ = {
			isa = PBXFrameworksBuildPhase;
			buildActionMask = 2147483647;
			files = (
			);
			runOnlyForDeploymentPostprocessing = 0;
		};
/* End PBXFrameworksBuildPhase section */

/* Begin PBXGroup section */
		13FAE18B031BA8ED14F8E1FC /* Frameworks */ = {
			isa = PBXGroup;
			children = (
				93E3E053ACC7BC101A8C1D8D /* Pods_ObjectCDemo.framework */,
			);
			name = Frameworks;
			sourceTree = "<group>";
		};
		97CB46B154E6D1EFED573DB8 /* Pods */ = {
			isa = PBXGroup;
			children = (
				CCE176A33EA281EB4DCD5D88 /* Pods-ObjectCDemo.debug.xcconfig */,
				F25C032C8AA32DEC50BEB247 /* Pods-ObjectCDemo.release.xcconfig */,
			);
			name = Pods;
			sourceTree = "<group>";
		};
		FE0039721D11237E007294BB /* algorithm */ = {
			isa = PBXGroup;
			children = (
				FE0039731D1123AB007294BB /* AlgorithmViewController.h */,
				FE0039741D1123AB007294BB /* AlgorithmViewController.m */,
			);
			name = algorithm;
			sourceTree = "<group>";
		};
		FE0039761D11271F007294BB /* thread */ = {
			isa = PBXGroup;
			children = (
				FE0039771D11274B007294BB /* ThreadViewController.h */,
				FE0039781D11274B007294BB /* ThreadViewController.m */,
			);
			name = thread;
			sourceTree = "<group>";
		};
		FE00397A1D1138C5007294BB /* UI */ = {
			isa = PBXGroup;
			children = (
				FEEA49BC1CC861970093ADBF /* UIView */,
			);
			name = UI;
			path = ../../../../Git/ipad_psr/HomeHelper/UI;
			sourceTree = "<group>";
		};
		FE0E2A971D06AF6A00F49470 /* 图文 */ = {
			isa = PBXGroup;
			children = (
				FE0E2A941D06AF6400F49470 /* ImageTextViewController.h */,
				FE0E2A951D06AF6400F49470 /* ImageTextViewController.m */,
			);
			name = "图文";
			sourceTree = "<group>";
		};
		FE1185231CA37D680017CFEA = {
			isa = PBXGroup;
			children = (
				FE11852E1CA37D680017CFEA /* ObjectCDemo */,
				FE11854B1CA37D680017CFEA /* ObjectCDemoTests */,
				FE1185561CA37D680017CFEA /* ObjectCDemoUITests */,
				FE1EB7C41CC384F800D40400 /* ObjectWatch */,
				FE1EB7D31CC384F800D40400 /* ObjectWatch Extension */,
				FE11852D1CA37D680017CFEA /* Products */,
				97CB46B154E6D1EFED573DB8 /* Pods */,
				13FAE18B031BA8ED14F8E1FC /* Frameworks */,
			);
			sourceTree = "<group>";
		};
		FE11852D1CA37D680017CFEA /* Products */ = {
			isa = PBXGroup;
			children = (
				FE11852C1CA37D680017CFEA /* ObjectCDemo.app */,
				FE1185481CA37D680017CFEA /* ObjectCDemoTests.xctest */,
				FE1185531CA37D680017CFEA /* ObjectCDemoUITests.xctest */,
				FE1EB7C31CC384F800D40400 /* ObjectWatch.app */,
				FE1EB7CF1CC384F800D40400 /* ObjectWatch Extension.appex */,
			);
			name = Products;
			sourceTree = "<group>";
		};
		FE11852E1CA37D680017CFEA /* ObjectCDemo */ = {
			isa = PBXGroup;
			children = (
				FE00397A1D1138C5007294BB /* UI */,
				FEB99B021CF86BDE007B039F /* 文字 */,
				FE1DB0271CF292560061B5B2 /* xRefresh */,
				FE288EDA1CE2E98B008330E3 /* Thrift */,
				FEEA49B51CC66A930093ADBF /* grammar */,
				FE1185321CA37D680017CFEA /* AppDelegate.h */,
				FE1185331CA37D680017CFEA /* AppDelegate.m */,
				FE1185351CA37D680017CFEA /* FirstViewController.h */,
				FE1185361CA37D680017CFEA /* FirstViewController.m */,
				FE1185381CA37D680017CFEA /* SecondViewController.h */,
				FE1185391CA37D680017CFEA /* SecondViewController.m */,
				FE11856B1CA37E6F0017CFEA /* MainTableViewController.h */,
				FE11856C1CA37E6F0017CFEA /* MainTableViewController.m */,
				FE1185701CA37EB40017CFEA /* LastTableViewController.h */,
				FE1185711CA37EB40017CFEA /* LastTableViewController.m */,
				FE1EB7ED1CC497EC00D40400 /* XTabBarViewController.h */,
				FE1EB7EE1CC497EC00D40400 /* XTabBarViewController.m */,
				FE11853B1CA37D680017CFEA /* Main.storyboard */,
				FE11853E1CA37D680017CFEA /* Assets.xcassets */,
				FE1185401CA37D680017CFEA /* LaunchScreen.storyboard */,
				FE1185431CA37D680017CFEA /* Info.plist */,
				FE11852F1CA37D680017CFEA /* Supporting Files */,
			);
			path = ObjectCDemo;
			sourceTree = "<group>";
		};
		FE11852F1CA37D680017CFEA /* Supporting Files */ = {
			isa = PBXGroup;
			children = (
				FE1185301CA37D680017CFEA /* main.m */,
			);
			name = "Supporting Files";
			sourceTree = "<group>";
		};
		FE11854B1CA37D680017CFEA /* ObjectCDemoTests */ = {
			isa = PBXGroup;
			children = (
				FE11854C1CA37D680017CFEA /* ObjectCDemoTests.m */,
				FE11854E1CA37D680017CFEA /* Info.plist */,
			);
			path = ObjectCDemoTests;
			sourceTree = "<group>";
		};
		FE1185561CA37D680017CFEA /* ObjectCDemoUITests */ = {
			isa = PBXGroup;
			children = (
				FE1185571CA37D680017CFEA /* ObjectCDemoUITests.m */,
				FE1185591CA37D680017CFEA /* Info.plist */,
			);
			path = ObjectCDemoUITests;
			sourceTree = "<group>";
		};
		FE1185761CA380FD0017CFEA /* RunTime */ = {
			isa = PBXGroup;
			children = (
				FE1185731CA37F300017CFEA /* RunTimeViewController.h */,
				FE1185741CA37F300017CFEA /* RunTimeViewController.m */,
				FE58F5A21CB3B6120045C324 /* RunD.h */,
				FE58F5A31CB3B6120045C324 /* RunD.m */,
			);
			name = RunTime;
			sourceTree = "<group>";
		};
		FE11857D1CA3CA950017CFEA /* uiwindow */ = {
			isa = PBXGroup;
			children = (
				FE11857E1CA3CABD0017CFEA /* XWindow.h */,
				FE11857F1CA3CABD0017CFEA /* XWindow.m */,
			);
			name = uiwindow;
			sourceTree = "<group>";
		};
		FE17AC6A1D13E5F900CD3AA5 /* Runloop */ = {
			isa = PBXGroup;
			children = (
				FE17AC6E1D13E75A00CD3AA5 /* RunLoopViewController.h */,
				FE17AC6F1D13E75A00CD3AA5 /* RunLoopViewController.m */,
			);
			name = Runloop;
			sourceTree = "<group>";
		};
		FE1DB0271CF292560061B5B2 /* xRefresh */ = {
			isa = PBXGroup;
			children = (
				FE1DB02E1CF2A1560061B5B2 /* xRefresh.h */,
				FE1DB02F1CF2A1560061B5B2 /* xRefresh.m */,
			);
			path = xRefresh;
			sourceTree = "<group>";
		};
		FE1EB7C41CC384F800D40400 /* ObjectWatch */ = {
			isa = PBXGroup;
			children = (
				FE1EB7C51CC384F800D40400 /* Interface.storyboard */,
				FE1EB7C81CC384F800D40400 /* Assets.xcassets */,
				FE1EB7CA1CC384F800D40400 /* Info.plist */,
			);
			path = ObjectWatch;
			sourceTree = "<group>";
		};
		FE1EB7D31CC384F800D40400 /* ObjectWatch Extension */ = {
			isa = PBXGroup;
			children = (
				FE1EB7D61CC384F800D40400 /* InterfaceController.h */,
				FE1EB7D71CC384F800D40400 /* InterfaceController.m */,
				FE1EB7D91CC384F800D40400 /* ExtensionDelegate.h */,
				FE1EB7DA1CC384F800D40400 /* ExtensionDelegate.m */,
				FE1EB7DC1CC384F800D40400 /* NotificationController.h */,
				FE1EB7DD1CC384F800D40400 /* NotificationController.m */,
				FE1EB7DF1CC384F800D40400 /* Assets.xcassets */,
				FE1EB7E11CC384F800D40400 /* Info.plist */,
				FE1EB7D41CC384F800D40400 /* Supporting Files */,
			);
			path = "ObjectWatch Extension";
			sourceTree = "<group>";
		};
		FE1EB7D41CC384F800D40400 /* Supporting Files */ = {
			isa = PBXGroup;
			children = (
				FE1EB7D51CC384F800D40400 /* PushNotificationPayload.apns */,
			);
			name = "Supporting Files";
			sourceTree = "<group>";
		};
		FE288EDA1CE2E98B008330E3 /* Thrift */ = {
			isa = PBXGroup;
			children = (
				FE288EDB1CE2E98B008330E3 /* gen-cocoa */,
				FE288EDE1CE2E98B008330E3 /* API.thrift */,
				FE288EE11CE2EA07008330E3 /* ThriftManger.h */,
				FE288EE21CE2EA07008330E3 /* ThriftManger.m */,
			);
			path = Thrift;
			sourceTree = "<group>";
		};
		FE288EDB1CE2E98B008330E3 /* gen-cocoa */ = {
			isa = PBXGroup;
			children = (
				FEFA76371CF01D28004CF2C3 /* API.h */,
				FEFA76381CF01D28004CF2C3 /* API.m */,
			);
			path = "gen-cocoa";
			sourceTree = "<group>";
		};
		FEB99B021CF86BDE007B039F /* 文字 */ = {
			isa = PBXGroup;
			children = (
				FEB99B031CF86BF6007B039F /* TextViewController.h */,
				FEB99B041CF86BF6007B039F /* TextViewController.m */,
			);
			name = "文字";
			sourceTree = "<group>";
		};
		FEC09DD01CCA685E00C320FC /* cycle */ = {
			isa = PBXGroup;
			children = (
				FEC09DD11CCA687B00C320FC /* CycleViewController.h */,
				FEC09DD21CCA687B00C320FC /* CycleViewController.m */,
			);
			name = cycle;
			sourceTree = "<group>";
		};
		FEC09DD41CCB24ED00C320FC /* Block */ = {
			isa = PBXGroup;
			children = (
				FEC09DD51CCB24F700C320FC /* BlockViewController.h */,
				FEC09DD61CCB24F700C320FC /* BlockViewController.m */,
			);
			name = Block;
			sourceTree = "<group>";
		};
		FEEA49B51CC66A930093ADBF /* grammar */ = {
			isa = PBXGroup;
			children = (
				FE17AC6A1D13E5F900CD3AA5 /* Runloop */,
				FE0039761D11271F007294BB /* thread */,
				FE0039721D11237E007294BB /* algorithm */,
				FE0E2A971D06AF6A00F49470 /* 图文 */,
				FEEB27EB1CE0797C00E79568 /* UI */,
				FEC09DD41CCB24ED00C320FC /* Block */,
				FEC09DD01CCA685E00C320FC /* cycle */,
				FEEA49B61CC66AC40093ADBF /* KVOKVC */,
				FE11857D1CA3CA950017CFEA /* uiwindow */,
				FE1185761CA380FD0017CFEA /* RunTime */,
			);
			name = grammar;
			sourceTree = "<group>";
		};
		FEEA49B61CC66AC40093ADBF /* KVOKVC */ = {
			isa = PBXGroup;
			children = (
				FEEA49B71CC66B040093ADBF /* KvokvcViewController.h */,
				FEEA49B81CC66B040093ADBF /* KvokvcViewController.m */,
				FEEA49B91CC66B040093ADBF /* KvokvcViewController.xib */,
			);
			name = KVOKVC;
			sourceTree = "<group>";
		};
		FEEA49BC1CC861970093ADBF /* UIView */ = {
			isa = PBXGroup;
			children = (
				FEEA49BD1CC861B90093ADBF /* XView.h */,
				FEEA49BE1CC861B90093ADBF /* XView.m */,
			);
			name = UIView;
			path = ../../../../GitHub/ObjectiveDemo/ObjectCDemo/ObjectCDemo;
			sourceTree = "<group>";
		};
		FEEB27EB1CE0797C00E79568 /* UI */ = {
			isa = PBXGroup;
			children = (
				FEEB27EC1CE0798C00E79568 /* UIDatePickerViewController.h */,
				FEEB27ED1CE0798C00E79568 /* UIDatePickerViewController.m */,
			);
			path = UI;
			sourceTree = "<group>";
		};
/* End PBXGroup section */

/* Begin PBXNativeTarget section */
		FE11852B1CA37D680017CFEA /* ObjectCDemo */ = {
			isa = PBXNativeTarget;
			buildConfigurationList = FE11855C1CA37D680017CFEA /* Build configuration list for PBXNativeTarget "ObjectCDemo" */;
			buildPhases = (
				3429B1A87547325230F63108 /* 📦 Check Pods Manifest.lock */,
				FE1185281CA37D680017CFEA /* Sources */,
				FE1185291CA37D680017CFEA /* Frameworks */,
				FE11852A1CA37D680017CFEA /* Resources */,
				FE1EB7EC1CC384F800D40400 /* Embed Watch Content */,
				6911625C4C19753B7135A058 /* 📦 Embed Pods Frameworks */,
				ED96D658F92FBDE88A1C9A3C /* 📦 Copy Pods Resources */,
			);
			buildRules = (
			);
			dependencies = (
				FE1EB7E31CC384F800D40400 /* PBXTargetDependency */,
			);
			name = ObjectCDemo;
			productName = ObjectCDemo;
			productReference = FE11852C1CA37D680017CFEA /* ObjectCDemo.app */;
			productType = "com.apple.product-type.application";
		};
		FE1185471CA37D680017CFEA /* ObjectCDemoTests */ = {
			isa = PBXNativeTarget;
			buildConfigurationList = FE11855F1CA37D680017CFEA /* Build configuration list for PBXNativeTarget "ObjectCDemoTests" */;
			buildPhases = (
				FE1185441CA37D680017CFEA /* Sources */,
				FE1185451CA37D680017CFEA /* Frameworks */,
				FE1185461CA37D680017CFEA /* Resources */,
			);
			buildRules = (
			);
			dependencies = (
				FE11854A1CA37D680017CFEA /* PBXTargetDependency */,
			);
			name = ObjectCDemoTests;
			productName = ObjectCDemoTests;
			productReference = FE1185481CA37D680017CFEA /* ObjectCDemoTests.xctest */;
			productType = "com.apple.product-type.bundle.unit-test";
		};
		FE1185521CA37D680017CFEA /* ObjectCDemoUITests */ = {
			isa = PBXNativeTarget;
			buildConfigurationList = FE1185621CA37D680017CFEA /* Build configuration list for PBXNativeTarget "ObjectCDemoUITests" */;
			buildPhases = (
				FE11854F1CA37D680017CFEA /* Sources */,
				FE1185501CA37D680017CFEA /* Frameworks */,
				FE1185511CA37D680017CFEA /* Resources */,
			);
			buildRules = (
			);
			dependencies = (
				FE1185551CA37D680017CFEA /* PBXTargetDependency */,
			);
			name = ObjectCDemoUITests;
			productName = ObjectCDemoUITests;
			productReference = FE1185531CA37D680017CFEA /* ObjectCDemoUITests.xctest */;
			productType = "com.apple.product-type.bundle.ui-testing";
		};
		FE1EB7C21CC384F800D40400 /* ObjectWatch */ = {
			isa = PBXNativeTarget;
			buildConfigurationList = FE1EB7EB1CC384F800D40400 /* Build configuration list for PBXNativeTarget "ObjectWatch" */;
			buildPhases = (
				FE1EB7C11CC384F800D40400 /* Resources */,
				FE1EB7EA1CC384F800D40400 /* Embed App Extensions */,
				0EBA247B13A249F907ECA66C /* Frameworks */,
			);
			buildRules = (
			);
			dependencies = (
				FE1EB7D21CC384F800D40400 /* PBXTargetDependency */,
			);
			name = ObjectWatch;
			productName = ObjectWatch;
			productReference = FE1EB7C31CC384F800D40400 /* ObjectWatch.app */;
			productType = "com.apple.product-type.application.watchapp2";
		};
		FE1EB7CE1CC384F800D40400 /* ObjectWatch Extension */ = {
			isa = PBXNativeTarget;
			buildConfigurationList = FE1EB7E91CC384F800D40400 /* Build configuration list for PBXNativeTarget "ObjectWatch Extension" */;
			buildPhases = (
				FE1EB7CB1CC384F800D40400 /* Sources */,
				FE1EB7CC1CC384F800D40400 /* Frameworks */,
				FE1EB7CD1CC384F800D40400 /* Resources */,
			);
			buildRules = (
			);
			dependencies = (
			);
			name = "ObjectWatch Extension";
			productName = "ObjectWatch Extension";
			productReference = FE1EB7CF1CC384F800D40400 /* ObjectWatch Extension.appex */;
			productType = "com.apple.product-type.watchkit2-extension";
		};
/* End PBXNativeTarget section */

/* Begin PBXProject section */
		FE1185241CA37D680017CFEA /* Project object */ = {
			isa = PBXProject;
			attributes = {
				LastUpgradeCheck = 0720;
				ORGANIZATIONNAME = XiaoJingYuan;
				TargetAttributes = {
					FE11852B1CA37D680017CFEA = {
						CreatedOnToolsVersion = 7.2.1;
					};
					FE1185471CA37D680017CFEA = {
						CreatedOnToolsVersion = 7.2.1;
						TestTargetID = FE11852B1CA37D680017CFEA;
					};
					FE1185521CA37D680017CFEA = {
						CreatedOnToolsVersion = 7.2.1;
						TestTargetID = FE11852B1CA37D680017CFEA;
					};
					FE1EB7C21CC384F800D40400 = {
						CreatedOnToolsVersion = 7.3;
					};
					FE1EB7CE1CC384F800D40400 = {
						CreatedOnToolsVersion = 7.3;
					};
				};
			};
			buildConfigurationList = FE1185271CA37D680017CFEA /* Build configuration list for PBXProject "ObjectCDemo" */;
			compatibilityVersion = "Xcode 3.2";
			developmentRegion = English;
			hasScannedForEncodings = 0;
			knownRegions = (
				en,
				Base,
			);
			mainGroup = FE1185231CA37D680017CFEA;
			productRefGroup = FE11852D1CA37D680017CFEA /* Products */;
			projectDirPath = "";
			projectRoot = "";
			targets = (
				FE11852B1CA37D680017CFEA /* ObjectCDemo */,
				FE1185471CA37D680017CFEA /* ObjectCDemoTests */,
				FE1185521CA37D680017CFEA /* ObjectCDemoUITests */,
				FE1EB7C21CC384F800D40400 /* ObjectWatch */,
				FE1EB7CE1CC384F800D40400 /* ObjectWatch Extension */,
			);
		};
/* End PBXProject section */

/* Begin PBXResourcesBuildPhase section */
		FE11852A1CA37D680017CFEA /* Resources */ = {
			isa = PBXResourcesBuildPhase;
			buildActionMask = 2147483647;
			files = (
				FEEA49BB1CC66B040093ADBF /* KvokvcViewController.xib in Resources */,
				FE288EE01CE2E98B008330E3 /* API.thrift in Resources */,
				FE1185421CA37D680017CFEA /* LaunchScreen.storyboard in Resources */,
				FE11853F1CA37D680017CFEA /* Assets.xcassets in Resources */,
				FE11853D1CA37D680017CFEA /* Main.storyboard in Resources */,
			);
			runOnlyForDeploymentPostprocessing = 0;
		};
		FE1185461CA37D680017CFEA /* Resources */ = {
			isa = PBXResourcesBuildPhase;
			buildActionMask = 2147483647;
			files = (
			);
			runOnlyForDeploymentPostprocessing = 0;
		};
		FE1185511CA37D680017CFEA /* Resources */ = {
			isa = PBXResourcesBuildPhase;
			buildActionMask = 2147483647;
			files = (
			);
			runOnlyForDeploymentPostprocessing = 0;
		};
		FE1EB7C11CC384F800D40400 /* Resources */ = {
			isa = PBXResourcesBuildPhase;
			buildActionMask = 2147483647;
			files = (
				FE1EB7C91CC384F800D40400 /* Assets.xcassets in Resources */,
				FE1EB7C71CC384F800D40400 /* Interface.storyboard in Resources */,
			);
			runOnlyForDeploymentPostprocessing = 0;
		};
		FE1EB7CD1CC384F800D40400 /* Resources */ = {
			isa = PBXResourcesBuildPhase;
			buildActionMask = 2147483647;
			files = (
				FE1EB7E01CC384F800D40400 /* Assets.xcassets in Resources */,
			);
			runOnlyForDeploymentPostprocessing = 0;
		};
/* End PBXResourcesBuildPhase section */

/* Begin PBXShellScriptBuildPhase section */
		3429B1A87547325230F63108 /* 📦 Check Pods Manifest.lock */ = {
			isa = PBXShellScriptBuildPhase;
			buildActionMask = 2147483647;
			files = (
			);
			inputPaths = (
			);
			name = "📦 Check Pods Manifest.lock";
			outputPaths = (
			);
			runOnlyForDeploymentPostprocessing = 0;
			shellPath = /bin/sh;
			shellScript = "diff \"${PODS_ROOT}/../Podfile.lock\" \"${PODS_ROOT}/Manifest.lock\" > /dev/null\nif [[ $? != 0 ]] ; then\n    cat << EOM\nerror: The sandbox is not in sync with the Podfile.lock. Run 'pod install' or update your CocoaPods installation.\nEOM\n    exit 1\nfi\n";
			showEnvVarsInLog = 0;
		};
		6911625C4C19753B7135A058 /* 📦 Embed Pods Frameworks */ = {
			isa = PBXShellScriptBuildPhase;
			buildActionMask = 2147483647;
			files = (
			);
			inputPaths = (
			);
			name = "📦 Embed Pods Frameworks";
			outputPaths = (
			);
			runOnlyForDeploymentPostprocessing = 0;
			shellPath = /bin/sh;
			shellScript = "\"${SRCROOT}/Pods/Target Support Files/Pods-ObjectCDemo/Pods-ObjectCDemo-frameworks.sh\"\n";
			showEnvVarsInLog = 0;
		};
		ED96D658F92FBDE88A1C9A3C /* 📦 Copy Pods Resources */ = {
			isa = PBXShellScriptBuildPhase;
			buildActionMask = 2147483647;
			files = (
			);
			inputPaths = (
			);
			name = "📦 Copy Pods Resources";
			outputPaths = (
			);
			runOnlyForDeploymentPostprocessing = 0;
			shellPath = /bin/sh;
			shellScript = "\"${SRCROOT}/Pods/Target Support Files/Pods-ObjectCDemo/Pods-ObjectCDemo-resources.sh\"\n";
			showEnvVarsInLog = 0;
		};
/* End PBXShellScriptBuildPhase section */

/* Begin PBXSourcesBuildPhase section */
		FE1185281CA37D680017CFEA /* Sources */ = {
			isa = PBXSourcesBuildPhase;
			buildActionMask = 2147483647;
			files = (
				FE11853A1CA37D680017CFEA /* SecondViewController.m in Sources */,
				FE58F5A41CB3B6120045C324 /* RunD.m in Sources */,
				FEEB27EE1CE0798C00E79568 /* UIDatePickerViewController.m in Sources */,
				FEC09DD31CCA687B00C320FC /* CycleViewController.m in Sources */,
				FE1DB0301CF2A1560061B5B2 /* xRefresh.m in Sources */,
				FE1185721CA37EB40017CFEA /* LastTableViewController.m in Sources */,
				FEB99B051CF86BF6007B039F /* TextViewController.m in Sources */,
				FEC09DD71CCB24F700C320FC /* BlockViewController.m in Sources */,
				FEFA76391CF01D28004CF2C3 /* API.m in Sources */,
				FE1185341CA37D680017CFEA /* AppDelegate.m in Sources */,
				FE17AC701D13E75A00CD3AA5 /* RunLoopViewController.m in Sources */,
				FE11856E1CA37E6F0017CFEA /* MainTableViewController.m in Sources */,
				FE1EB7EF1CC497EC00D40400 /* XTabBarViewController.m in Sources */,
				FE288EE31CE2EA07008330E3 /* ThriftManger.m in Sources */,
				FE1185801CA3CABD0017CFEA /* XWindow.m in Sources */,
				FE1185751CA37F300017CFEA /* RunTimeViewController.m in Sources */,
				FE1185371CA37D680017CFEA /* FirstViewController.m in Sources */,
				FEEA49BF1CC861B90093ADBF /* XView.m in Sources */,
				FEEA49BA1CC66B040093ADBF /* KvokvcViewController.m in Sources */,
				FE1185311CA37D680017CFEA /* main.m in Sources */,
				FE0039751D1123AB007294BB /* AlgorithmViewController.m in Sources */,
				FE0039791D11274B007294BB /* ThreadViewController.m in Sources */,
				FE0E2A961D06AF6400F49470 /* ImageTextViewController.m in Sources */,
			);
			runOnlyForDeploymentPostprocessing = 0;
		};
		FE1185441CA37D680017CFEA /* Sources */ = {
			isa = PBXSourcesBuildPhase;
			buildActionMask = 2147483647;
			files = (
				FE11854D1CA37D680017CFEA /* ObjectCDemoTests.m in Sources */,
			);
			runOnlyForDeploymentPostprocessing = 0;
		};
		FE11854F1CA37D680017CFEA /* Sources */ = {
			isa = PBXSourcesBuildPhase;
			buildActionMask = 2147483647;
			files = (
				FE1185581CA37D680017CFEA /* ObjectCDemoUITests.m in Sources */,
			);
			runOnlyForDeploymentPostprocessing = 0;
		};
		FE1EB7CB1CC384F800D40400 /* Sources */ = {
			isa = PBXSourcesBuildPhase;
			buildActionMask = 2147483647;
			files = (
				FE1EB7DB1CC384F800D40400 /* ExtensionDelegate.m in Sources */,
				FE1EB7D81CC384F800D40400 /* InterfaceController.m in Sources */,
				FE1EB7DE1CC384F800D40400 /* NotificationController.m in Sources */,
			);
			runOnlyForDeploymentPostprocessing = 0;
		};
/* End PBXSourcesBuildPhase section */

/* Begin PBXTargetDependency section */
		FE11854A1CA37D680017CFEA /* PBXTargetDependency */ = {
			isa = PBXTargetDependency;
			target = FE11852B1CA37D680017CFEA /* ObjectCDemo */;
			targetProxy = FE1185491CA37D680017CFEA /* PBXContainerItemProxy */;
		};
		FE1185551CA37D680017CFEA /* PBXTargetDependency */ = {
			isa = PBXTargetDependency;
			target = FE11852B1CA37D680017CFEA /* ObjectCDemo */;
			targetProxy = FE1185541CA37D680017CFEA /* PBXContainerItemProxy */;
		};
		FE1EB7D21CC384F800D40400 /* PBXTargetDependency */ = {
			isa = PBXTargetDependency;
			target = FE1EB7CE1CC384F800D40400 /* ObjectWatch Extension */;
			targetProxy = FE1EB7D11CC384F800D40400 /* PBXContainerItemProxy */;
		};
		FE1EB7E31CC384F800D40400 /* PBXTargetDependency */ = {
			isa = PBXTargetDependency;
			target = FE1EB7C21CC384F800D40400 /* ObjectWatch */;
			targetProxy = FE1EB7E21CC384F800D40400 /* PBXContainerItemProxy */;
		};
/* End PBXTargetDependency section */

/* Begin PBXVariantGroup section */
		FE11853B1CA37D680017CFEA /* Main.storyboard */ = {
			isa = PBXVariantGroup;
			children = (
				FE11853C1CA37D680017CFEA /* Base */,
			);
			name = Main.storyboard;
			sourceTree = "<group>";
		};
		FE1185401CA37D680017CFEA /* LaunchScreen.storyboard */ = {
			isa = PBXVariantGroup;
			children = (
				FE1185411CA37D680017CFEA /* Base */,
			);
			name = LaunchScreen.storyboard;
			sourceTree = "<group>";
		};
		FE1EB7C51CC384F800D40400 /* Interface.storyboard */ = {
			isa = PBXVariantGroup;
			children = (
				FE1EB7C61CC384F800D40400 /* Base */,
			);
			name = Interface.storyboard;
			sourceTree = "<group>";
		};
/* End PBXVariantGroup section */

/* Begin XCBuildConfiguration section */
		FE11855A1CA37D680017CFEA /* Debug */ = {
			isa = XCBuildConfiguration;
			buildSettings = {
				ALWAYS_SEARCH_USER_PATHS = NO;
				CLANG_CXX_LANGUAGE_STANDARD = "gnu++0x";
				CLANG_CXX_LIBRARY = "libc++";
				CLANG_ENABLE_MODULES = YES;
				CLANG_ENABLE_OBJC_ARC = YES;
				CLANG_WARN_BOOL_CONVERSION = YES;
				CLANG_WARN_CONSTANT_CONVERSION = YES;
				CLANG_WARN_DIRECT_OBJC_ISA_USAGE = YES_ERROR;
				CLANG_WARN_EMPTY_BODY = YES;
				CLANG_WARN_ENUM_CONVERSION = YES;
				CLANG_WARN_INT_CONVERSION = YES;
				CLANG_WARN_OBJC_ROOT_CLASS = YES_ERROR;
				CLANG_WARN_UNREACHABLE_CODE = YES;
				CLANG_WARN__DUPLICATE_METHOD_MATCH = YES;
				"CODE_SIGN_IDENTITY[sdk=iphoneos*]" = "iPhone Developer";
				COPY_PHASE_STRIP = NO;
				DEBUG_INFORMATION_FORMAT = dwarf;
				ENABLE_STRICT_OBJC_MSGSEND = YES;
				ENABLE_TESTABILITY = YES;
				GCC_C_LANGUAGE_STANDARD = gnu99;
				GCC_DYNAMIC_NO_PIC = NO;
				GCC_NO_COMMON_BLOCKS = YES;
				GCC_OPTIMIZATION_LEVEL = 0;
				GCC_PREPROCESSOR_DEFINITIONS = (
					"DEBUG=1",
					"$(inherited)",
				);
				GCC_WARN_64_TO_32_BIT_CONVERSION = YES;
				GCC_WARN_ABOUT_RETURN_TYPE = YES_ERROR;
				GCC_WARN_UNDECLARED_SELECTOR = YES;
				GCC_WARN_UNINITIALIZED_AUTOS = YES_AGGRESSIVE;
				GCC_WARN_UNUSED_FUNCTION = YES;
				GCC_WARN_UNUSED_VARIABLE = YES;
				IPHONEOS_DEPLOYMENT_TARGET = 9.2;
				MTL_ENABLE_DEBUG_INFO = YES;
				ONLY_ACTIVE_ARCH = YES;
				SDKROOT = iphoneos;
			};
			name = Debug;
		};
		FE11855B1CA37D680017CFEA /* Release */ = {
			isa = XCBuildConfiguration;
			buildSettings = {
				ALWAYS_SEARCH_USER_PATHS = NO;
				CLANG_CXX_LANGUAGE_STANDARD = "gnu++0x";
				CLANG_CXX_LIBRARY = "libc++";
				CLANG_ENABLE_MODULES = YES;
				CLANG_ENABLE_OBJC_ARC = YES;
				CLANG_WARN_BOOL_CONVERSION = YES;
				CLANG_WARN_CONSTANT_CONVERSION = YES;
				CLANG_WARN_DIRECT_OBJC_ISA_USAGE = YES_ERROR;
				CLANG_WARN_EMPTY_BODY = YES;
				CLANG_WARN_ENUM_CONVERSION = YES;
				CLANG_WARN_INT_CONVERSION = YES;
				CLANG_WARN_OBJC_ROOT_CLASS = YES_ERROR;
				CLANG_WARN_UNREACHABLE_CODE = YES;
				CLANG_WARN__DUPLICATE_METHOD_MATCH = YES;
				"CODE_SIGN_IDENTITY[sdk=iphoneos*]" = "iPhone Developer";
				COPY_PHASE_STRIP = NO;
				DEBUG_INFORMATION_FORMAT = "dwarf-with-dsym";
				ENABLE_NS_ASSERTIONS = NO;
				ENABLE_STRICT_OBJC_MSGSEND = YES;
				GCC_C_LANGUAGE_STANDARD = gnu99;
				GCC_NO_COMMON_BLOCKS = YES;
				GCC_WARN_64_TO_32_BIT_CONVERSION = YES;
				GCC_WARN_ABOUT_RETURN_TYPE = YES_ERROR;
				GCC_WARN_UNDECLARED_SELECTOR = YES;
				GCC_WARN_UNINITIALIZED_AUTOS = YES_AGGRESSIVE;
				GCC_WARN_UNUSED_FUNCTION = YES;
				GCC_WARN_UNUSED_VARIABLE = YES;
				IPHONEOS_DEPLOYMENT_TARGET = 9.2;
				MTL_ENABLE_DEBUG_INFO = NO;
				SDKROOT = iphoneos;
				VALIDATE_PRODUCT = YES;
			};
			name = Release;
		};
		FE11855D1CA37D680017CFEA /* Debug */ = {
			isa = XCBuildConfiguration;
			baseConfigurationReference = CCE176A33EA281EB4DCD5D88 /* Pods-ObjectCDemo.debug.xcconfig */;
			buildSettings = {
				ASSETCATALOG_COMPILER_APPICON_NAME = AppIcon;
				INFOPLIST_FILE = ObjectCDemo/Info.plist;
				LD_RUNPATH_SEARCH_PATHS = "$(inherited) @executable_path/Frameworks";
				PRODUCT_BUNDLE_IDENTIFIER = com.chuangdianke.ObjectCDemo;
				PRODUCT_NAME = "$(TARGET_NAME)";
			};
			name = Debug;
		};
		FE11855E1CA37D680017CFEA /* Release */ = {
			isa = XCBuildConfiguration;
			baseConfigurationReference = F25C032C8AA32DEC50BEB247 /* Pods-ObjectCDemo.release.xcconfig */;
			buildSettings = {
				ASSETCATALOG_COMPILER_APPICON_NAME = AppIcon;
				INFOPLIST_FILE = ObjectCDemo/Info.plist;
				LD_RUNPATH_SEARCH_PATHS = "$(inherited) @executable_path/Frameworks";
				PRODUCT_BUNDLE_IDENTIFIER = com.chuangdianke.ObjectCDemo;
				PRODUCT_NAME = "$(TARGET_NAME)";
			};
			name = Release;
		};
		FE1185601CA37D680017CFEA /* Debug */ = {
			isa = XCBuildConfiguration;
			buildSettings = {
				BUNDLE_LOADER = "$(TEST_HOST)";
				INFOPLIST_FILE = ObjectCDemoTests/Info.plist;
				LD_RUNPATH_SEARCH_PATHS = "$(inherited) @executable_path/Frameworks @loader_path/Frameworks";
				PRODUCT_BUNDLE_IDENTIFIER = com.chuangdianke.ObjectCDemoTests;
				PRODUCT_NAME = "$(TARGET_NAME)";
				TEST_HOST = "$(BUILT_PRODUCTS_DIR)/ObjectCDemo.app/ObjectCDemo";
			};
			name = Debug;
		};
		FE1185611CA37D680017CFEA /* Release */ = {
			isa = XCBuildConfiguration;
			buildSettings = {
				BUNDLE_LOADER = "$(TEST_HOST)";
				INFOPLIST_FILE = ObjectCDemoTests/Info.plist;
				LD_RUNPATH_SEARCH_PATHS = "$(inherited) @executable_path/Frameworks @loader_path/Frameworks";
				PRODUCT_BUNDLE_IDENTIFIER = com.chuangdianke.ObjectCDemoTests;
				PRODUCT_NAME = "$(TARGET_NAME)";
				TEST_HOST = "$(BUILT_PRODUCTS_DIR)/ObjectCDemo.app/ObjectCDemo";
			};
			name = Release;
		};
		FE1185631CA37D680017CFEA /* Debug */ = {
			isa = XCBuildConfiguration;
			buildSettings = {
				INFOPLIST_FILE = ObjectCDemoUITests/Info.plist;
				LD_RUNPATH_SEARCH_PATHS = "$(inherited) @executable_path/Frameworks @loader_path/Frameworks";
				PRODUCT_BUNDLE_IDENTIFIER = com.chuangdianke.ObjectCDemoUITests;
				PRODUCT_NAME = "$(TARGET_NAME)";
				TEST_TARGET_NAME = ObjectCDemo;
				USES_XCTRUNNER = YES;
			};
			name = Debug;
		};
		FE1185641CA37D680017CFEA /* Release */ = {
			isa = XCBuildConfiguration;
			buildSettings = {
				INFOPLIST_FILE = ObjectCDemoUITests/Info.plist;
				LD_RUNPATH_SEARCH_PATHS = "$(inherited) @executable_path/Frameworks @loader_path/Frameworks";
				PRODUCT_BUNDLE_IDENTIFIER = com.chuangdianke.ObjectCDemoUITests;
				PRODUCT_NAME = "$(TARGET_NAME)";
				TEST_TARGET_NAME = ObjectCDemo;
				USES_XCTRUNNER = YES;
			};
			name = Release;
		};
		FE1EB7E51CC384F800D40400 /* Debug */ = {
			isa = XCBuildConfiguration;
			buildSettings = {
				ASSETCATALOG_COMPILER_APPICON_NAME = AppIcon;
				CLANG_ANALYZER_NONNULL = YES;
				IBSC_MODULE = ObjectWatch_Extension;
				INFOPLIST_FILE = ObjectWatch/Info.plist;
				PRODUCT_BUNDLE_IDENTIFIER = com.chuangdianke.ObjectCDemo.watchkitapp;
				PRODUCT_NAME = "$(TARGET_NAME)";
				SDKROOT = watchos;
				SKIP_INSTALL = YES;
				TARGETED_DEVICE_FAMILY = 4;
				WATCHOS_DEPLOYMENT_TARGET = 2.2;
			};
			name = Debug;
		};
		FE1EB7E61CC384F800D40400 /* Release */ = {
			isa = XCBuildConfiguration;
			buildSettings = {
				ASSETCATALOG_COMPILER_APPICON_NAME = AppIcon;
				CLANG_ANALYZER_NONNULL = YES;
				IBSC_MODULE = ObjectWatch_Extension;
				INFOPLIST_FILE = ObjectWatch/Info.plist;
				PRODUCT_BUNDLE_IDENTIFIER = com.chuangdianke.ObjectCDemo.watchkitapp;
				PRODUCT_NAME = "$(TARGET_NAME)";
				SDKROOT = watchos;
				SKIP_INSTALL = YES;
				TARGETED_DEVICE_FAMILY = 4;
				WATCHOS_DEPLOYMENT_TARGET = 2.2;
			};
			name = Release;
		};
		FE1EB7E71CC384F800D40400 /* Debug */ = {
			isa = XCBuildConfiguration;
			buildSettings = {
				CLANG_ANALYZER_NONNULL = YES;
				INFOPLIST_FILE = "ObjectWatch Extension/Info.plist";
				LD_RUNPATH_SEARCH_PATHS = "$(inherited) @executable_path/Frameworks @executable_path/../../Frameworks";
				PRODUCT_BUNDLE_IDENTIFIER = com.chuangdianke.ObjectCDemo.watchkitapp.watchkitextension;
				PRODUCT_NAME = "${TARGET_NAME}";
				SDKROOT = watchos;
				SKIP_INSTALL = YES;
				TARGETED_DEVICE_FAMILY = 4;
				WATCHOS_DEPLOYMENT_TARGET = 2.2;
			};
			name = Debug;
		};
		FE1EB7E81CC384F800D40400 /* Release */ = {
			isa = XCBuildConfiguration;
			buildSettings = {
				CLANG_ANALYZER_NONNULL = YES;
				INFOPLIST_FILE = "ObjectWatch Extension/Info.plist";
				LD_RUNPATH_SEARCH_PATHS = "$(inherited) @executable_path/Frameworks @executable_path/../../Frameworks";
				PRODUCT_BUNDLE_IDENTIFIER = com.chuangdianke.ObjectCDemo.watchkitapp.watchkitextension;
				PRODUCT_NAME = "${TARGET_NAME}";
				SDKROOT = watchos;
				SKIP_INSTALL = YES;
				TARGETED_DEVICE_FAMILY = 4;
				WATCHOS_DEPLOYMENT_TARGET = 2.2;
			};
			name = Release;
		};
/* End XCBuildConfiguration section */

/* Begin XCConfigurationList section */
		FE1185271CA37D680017CFEA /* Build configuration list for PBXProject "ObjectCDemo" */ = {
			isa = XCConfigurationList;
			buildConfigurations = (
				FE11855A1CA37D680017CFEA /* Debug */,
				FE11855B1CA37D680017CFEA /* Release */,
			);
			defaultConfigurationIsVisible = 0;
			defaultConfigurationName = Release;
		};
		FE11855C1CA37D680017CFEA /* Build configuration list for PBXNativeTarget "ObjectCDemo" */ = {
			isa = XCConfigurationList;
			buildConfigurations = (
				FE11855D1CA37D680017CFEA /* Debug */,
				FE11855E1CA37D680017CFEA /* Release */,
			);
			defaultConfigurationIsVisible = 0;
			defaultConfigurationName = Release;
		};
		FE11855F1CA37D680017CFEA /* Build configuration list for PBXNativeTarget "ObjectCDemoTests" */ = {
			isa = XCConfigurationList;
			buildConfigurations = (
				FE1185601CA37D680017CFEA /* Debug */,
				FE1185611CA37D680017CFEA /* Release */,
			);
			defaultConfigurationIsVisible = 0;
			defaultConfigurationName = Release;
		};
		FE1185621CA37D680017CFEA /* Build configuration list for PBXNativeTarget "ObjectCDemoUITests" */ = {
			isa = XCConfigurationList;
			buildConfigurations = (
				FE1185631CA37D680017CFEA /* Debug */,
				FE1185641CA37D680017CFEA /* Release */,
			);
			defaultConfigurationIsVisible = 0;
			defaultConfigurationName = Release;
		};
		FE1EB7E91CC384F800D40400 /* Build configuration list for PBXNativeTarget "ObjectWatch Extension" */ = {
			isa = XCConfigurationList;
			buildConfigurations = (
				FE1EB7E71CC384F800D40400 /* Debug */,
				FE1EB7E81CC384F800D40400 /* Release */,
			);
			defaultConfigurationIsVisible = 0;
			defaultConfigurationName = Release;
		};
		FE1EB7EB1CC384F800D40400 /* Build configuration list for PBXNativeTarget "ObjectWatch" */ = {
			isa = XCConfigurationList;
			buildConfigurations = (
				FE1EB7E51CC384F800D40400 /* Debug */,
				FE1EB7E61CC384F800D40400 /* Release */,
			);
			defaultConfigurationIsVisible = 0;
			defaultConfigurationName = Release;
		};
/* End XCConfigurationList section */
	};
	rootObject = FE1185241CA37D680017CFEA /* Project object */;
}
